// !$*UTF8*$!
{
	archiveVersion = 1;
	classes = {
	};
	objectVersion = 56;
	objects = {

/* Begin PBXBuildFile section */
		C90B25FD2B5ACC5C00C37C22 /* MainTabView.swift in Sources */ = {isa = PBXBuildFile; fileRef = C90B25FC2B5ACC5C00C37C22 /* MainTabView.swift */; };
		C90B26012B5AD8DC00C37C22 /* ContentView.swift in Sources */ = {isa = PBXBuildFile; fileRef = C90B26002B5AD8DC00C37C22 /* ContentView.swift */; };
		C90B26082B5ADCDD00C37C22 /* SearchView.swift in Sources */ = {isa = PBXBuildFile; fileRef = C90B26072B5ADCDD00C37C22 /* SearchView.swift */; };
		C90B260D2B5ADE9900C37C22 /* ProfileView.swift in Sources */ = {isa = PBXBuildFile; fileRef = C90B260C2B5ADE9900C37C22 /* ProfileView.swift */; };
		C90B260F2B5ADEF900C37C22 /* ProfileHeaderView.swift in Sources */ = {isa = PBXBuildFile; fileRef = C90B260E2B5ADEF900C37C22 /* ProfileHeaderView.swift */; };
		C90B26112B5AE09E00C37C22 /* EditProfileView.swift in Sources */ = {isa = PBXBuildFile; fileRef = C90B26102B5AE09E00C37C22 /* EditProfileView.swift */; };
		C90B26132B5AEBC100C37C22 /* EditProfileViewModel.swift in Sources */ = {isa = PBXBuildFile; fileRef = C90B26122B5AEBC100C37C22 /* EditProfileViewModel.swift */; };
		C90B26152B5AEE6D00C37C22 /* User.swift in Sources */ = {isa = PBXBuildFile; fileRef = C90B26142B5AEE6D00C37C22 /* User.swift */; };
		C90B26172B5AEEFC00C37C22 /* ProfileViewModel.swift in Sources */ = {isa = PBXBuildFile; fileRef = C90B26162B5AEEFC00C37C22 /* ProfileViewModel.swift */; };
		C90B261A2B5AF33A00C37C22 /* ProfileCellView.swift in Sources */ = {isa = PBXBuildFile; fileRef = C90B26192B5AF33A00C37C22 /* ProfileCellView.swift */; };
		C90B261C2B5AF34D00C37C22 /* ProfileCellViewModel.swift in Sources */ = {isa = PBXBuildFile; fileRef = C90B261B2B5AF34D00C37C22 /* ProfileCellViewModel.swift */; };
		C90B261E2B5B05F100C37C22 /* SearchViewModel.swift in Sources */ = {isa = PBXBuildFile; fileRef = C90B261D2B5B05F100C37C22 /* SearchViewModel.swift */; };
		C90B26382B5B12F300C37C22 /* FirebaseAnalytics in Frameworks */ = {isa = PBXBuildFile; productRef = C90B26372B5B12F300C37C22 /* FirebaseAnalytics */; };
		C90B263A2B5B12F300C37C22 /* FirebaseAnalyticsOnDeviceConversion in Frameworks */ = {isa = PBXBuildFile; productRef = C90B26392B5B12F300C37C22 /* FirebaseAnalyticsOnDeviceConversion */; };
		C90B263C2B5B12F300C37C22 /* FirebaseAnalyticsSwift in Frameworks */ = {isa = PBXBuildFile; productRef = C90B263B2B5B12F300C37C22 /* FirebaseAnalyticsSwift */; };
		C90B263E2B5B12F300C37C22 /* FirebaseAnalyticsWithoutAdIdSupport in Frameworks */ = {isa = PBXBuildFile; productRef = C90B263D2B5B12F300C37C22 /* FirebaseAnalyticsWithoutAdIdSupport */; };
		C90B26402B5B12F300C37C22 /* FirebaseAppCheck in Frameworks */ = {isa = PBXBuildFile; productRef = C90B263F2B5B12F300C37C22 /* FirebaseAppCheck */; };
		C90B26422B5B12F300C37C22 /* FirebaseAppDistribution-Beta in Frameworks */ = {isa = PBXBuildFile; productRef = C90B26412B5B12F300C37C22 /* FirebaseAppDistribution-Beta */; };
		C90B26442B5B12F300C37C22 /* FirebaseAuth in Frameworks */ = {isa = PBXBuildFile; productRef = C90B26432B5B12F300C37C22 /* FirebaseAuth */; };
		C90B26462B5B12F300C37C22 /* FirebaseAuthCombine-Community in Frameworks */ = {isa = PBXBuildFile; productRef = C90B26452B5B12F300C37C22 /* FirebaseAuthCombine-Community */; };
		C90B26482B5B12F300C37C22 /* FirebaseCrashlytics in Frameworks */ = {isa = PBXBuildFile; productRef = C90B26472B5B12F300C37C22 /* FirebaseCrashlytics */; };
		C90B264A2B5B12F300C37C22 /* FirebaseDatabase in Frameworks */ = {isa = PBXBuildFile; productRef = C90B26492B5B12F300C37C22 /* FirebaseDatabase */; };
		C90B264C2B5B12F300C37C22 /* FirebaseDatabaseSwift in Frameworks */ = {isa = PBXBuildFile; productRef = C90B264B2B5B12F300C37C22 /* FirebaseDatabaseSwift */; };
		C90B264E2B5B12F300C37C22 /* FirebaseDynamicLinks in Frameworks */ = {isa = PBXBuildFile; productRef = C90B264D2B5B12F300C37C22 /* FirebaseDynamicLinks */; };
		C90B26502B5B12F300C37C22 /* FirebaseFirestore in Frameworks */ = {isa = PBXBuildFile; productRef = C90B264F2B5B12F300C37C22 /* FirebaseFirestore */; };
		C90B26522B5B12F300C37C22 /* FirebaseFirestoreCombine-Community in Frameworks */ = {isa = PBXBuildFile; productRef = C90B26512B5B12F300C37C22 /* FirebaseFirestoreCombine-Community */; };
		C90B26542B5B12F300C37C22 /* FirebaseFirestoreSwift in Frameworks */ = {isa = PBXBuildFile; productRef = C90B26532B5B12F300C37C22 /* FirebaseFirestoreSwift */; };
		C90B26562B5B12F300C37C22 /* FirebaseFunctions in Frameworks */ = {isa = PBXBuildFile; productRef = C90B26552B5B12F300C37C22 /* FirebaseFunctions */; };
		C90B26582B5B12F300C37C22 /* FirebaseFunctionsCombine-Community in Frameworks */ = {isa = PBXBuildFile; productRef = C90B26572B5B12F300C37C22 /* FirebaseFunctionsCombine-Community */; };
		C90B265A2B5B12F300C37C22 /* FirebaseInAppMessaging-Beta in Frameworks */ = {isa = PBXBuildFile; productRef = C90B26592B5B12F300C37C22 /* FirebaseInAppMessaging-Beta */; };
		C90B265C2B5B12F300C37C22 /* FirebaseInAppMessagingSwift-Beta in Frameworks */ = {isa = PBXBuildFile; productRef = C90B265B2B5B12F300C37C22 /* FirebaseInAppMessagingSwift-Beta */; };
		C90B265E2B5B12F300C37C22 /* FirebaseInstallations in Frameworks */ = {isa = PBXBuildFile; productRef = C90B265D2B5B12F300C37C22 /* FirebaseInstallations */; };
		C90B26602B5B12F300C37C22 /* FirebaseMLModelDownloader in Frameworks */ = {isa = PBXBuildFile; productRef = C90B265F2B5B12F300C37C22 /* FirebaseMLModelDownloader */; };
		C90B26622B5B12F300C37C22 /* FirebaseMessaging in Frameworks */ = {isa = PBXBuildFile; productRef = C90B26612B5B12F300C37C22 /* FirebaseMessaging */; };
		C90B26642B5B12F300C37C22 /* FirebasePerformance in Frameworks */ = {isa = PBXBuildFile; productRef = C90B26632B5B12F300C37C22 /* FirebasePerformance */; };
		C90B26662B5B12F300C37C22 /* FirebaseRemoteConfig in Frameworks */ = {isa = PBXBuildFile; productRef = C90B26652B5B12F300C37C22 /* FirebaseRemoteConfig */; };
		C90B26682B5B12F300C37C22 /* FirebaseRemoteConfigSwift in Frameworks */ = {isa = PBXBuildFile; productRef = C90B26672B5B12F300C37C22 /* FirebaseRemoteConfigSwift */; };
		C90B266A2B5B12F300C37C22 /* FirebaseStorage in Frameworks */ = {isa = PBXBuildFile; productRef = C90B26692B5B12F300C37C22 /* FirebaseStorage */; };
		C90B266C2B5B12F300C37C22 /* FirebaseStorageCombine-Community in Frameworks */ = {isa = PBXBuildFile; productRef = C90B266B2B5B12F300C37C22 /* FirebaseStorageCombine-Community */; };
		C90C0B7F2B5BAF3A00B497CF /* LogInView.swift in Sources */ = {isa = PBXBuildFile; fileRef = C90C0B7E2B5BAF3A00B497CF /* LogInView.swift */; };
		C90C0B812B5BAFC300B497CF /* CustomTextField.swift in Sources */ = {isa = PBXBuildFile; fileRef = C90C0B802B5BAFC300B497CF /* CustomTextField.swift */; };
		C90C0B832B5BB11900B497CF /* RegistrationView.swift in Sources */ = {isa = PBXBuildFile; fileRef = C90C0B822B5BB11900B497CF /* RegistrationView.swift */; };
		C90C0B872B5BBC1200B497CF /* ImagePicker.swift in Sources */ = {isa = PBXBuildFile; fileRef = C90C0B862B5BBC1200B497CF /* ImagePicker.swift */; };
		C90C0B892B5BCEE700B497CF /* AuthViewModel.swift in Sources */ = {isa = PBXBuildFile; fileRef = C90C0B882B5BCEE700B497CF /* AuthViewModel.swift */; };
		C90C0B8B2B5BCF4100B497CF /* Constants.swift in Sources */ = {isa = PBXBuildFile; fileRef = C90C0B8A2B5BCF4100B497CF /* Constants.swift */; };
		C90C0B8D2B5BCFB100B497CF /* ImageUploader.swift in Sources */ = {isa = PBXBuildFile; fileRef = C90C0B8C2B5BCFB100B497CF /* ImageUploader.swift */; };
		C90C0B8F2B5C326B00B497CF /* GoogleService-Info.plist in Resources */ = {isa = PBXBuildFile; fileRef = C90C0B8E2B5C326B00B497CF /* GoogleService-Info.plist */; };
		C9986D462B41C36700788D9E /* MovieDetailsView.swift in Sources */ = {isa = PBXBuildFile; fileRef = C9986D452B41C36700788D9E /* MovieDetailsView.swift */; };
		C999D25F2B44690200504175 /* ImageLoader.swift in Sources */ = {isa = PBXBuildFile; fileRef = C999D25E2B44690200504175 /* ImageLoader.swift */; };
		C999D2612B44699200504175 /* ImageCache.swift in Sources */ = {isa = PBXBuildFile; fileRef = C999D2602B44699200504175 /* ImageCache.swift */; };
		C999D2632B4469CE00504175 /* MovieImageView.swift in Sources */ = {isa = PBXBuildFile; fileRef = C999D2622B4469CE00504175 /* MovieImageView.swift */; };
		C9AE06E72B64031E00F7F479 /* CellHeaderView.swift in Sources */ = {isa = PBXBuildFile; fileRef = C9AE06E62B64031E00F7F479 /* CellHeaderView.swift */; };
		C9AE06E92B640D8D00F7F479 /* MovieListView.swift in Sources */ = {isa = PBXBuildFile; fileRef = C9AE06E82B640D8D00F7F479 /* MovieListView.swift */; };
		C9CE7FCC2B3EC2260086BAA2 /* TMDBMovieList2_0App.swift in Sources */ = {isa = PBXBuildFile; fileRef = C9CE7FCB2B3EC2260086BAA2 /* TMDBMovieList2_0App.swift */; };
		C9CE7FCE2B3EC2260086BAA2 /* TopMovieListView.swift in Sources */ = {isa = PBXBuildFile; fileRef = C9CE7FCD2B3EC2260086BAA2 /* TopMovieListView.swift */; };
		C9CE7FD02B3EC2270086BAA2 /* Assets.xcassets in Resources */ = {isa = PBXBuildFile; fileRef = C9CE7FCF2B3EC2270086BAA2 /* Assets.xcassets */; };
		C9CE7FD32B3EC2270086BAA2 /* Preview Assets.xcassets in Resources */ = {isa = PBXBuildFile; fileRef = C9CE7FD22B3EC2270086BAA2 /* Preview Assets.xcassets */; };
		C9CE7FE72B3EC5CA0086BAA2 /* Movie.swift in Sources */ = {isa = PBXBuildFile; fileRef = C9CE7FE62B3EC5CA0086BAA2 /* Movie.swift */; };
		C9CE7FE92B3EC6780086BAA2 /* TopMovieListViewModel.swift in Sources */ = {isa = PBXBuildFile; fileRef = C9CE7FE82B3EC6780086BAA2 /* TopMovieListViewModel.swift */; };
		C9CE7FEB2B3EC7E10086BAA2 /* MovieAPIError.swift in Sources */ = {isa = PBXBuildFile; fileRef = C9CE7FEA2B3EC7E10086BAA2 /* MovieAPIError.swift */; };
		C9CE7FED2B3EC9C10086BAA2 /* MovieDataService.swift in Sources */ = {isa = PBXBuildFile; fileRef = C9CE7FEC2B3EC9C10086BAA2 /* MovieDataService.swift */; };
		C9CE7FEF2B3EC9F90086BAA2 /* HTTPDataDownloader.swift in Sources */ = {isa = PBXBuildFile; fileRef = C9CE7FEE2B3EC9F90086BAA2 /* HTTPDataDownloader.swift */; };
		C9F2B1122B6382B6003D2BF2 /* BookmarkedView.swift in Sources */ = {isa = PBXBuildFile; fileRef = C9F2B1112B6382B6003D2BF2 /* BookmarkedView.swift */; };
		C9F2B1142B6382D4003D2BF2 /* FavoriteView.swift in Sources */ = {isa = PBXBuildFile; fileRef = C9F2B1132B6382D4003D2BF2 /* FavoriteView.swift */; };
		C9F2B1162B6382EB003D2BF2 /* WatchingListView.swift in Sources */ = {isa = PBXBuildFile; fileRef = C9F2B1152B6382EB003D2BF2 /* WatchingListView.swift */; };
		C9F2B1182B6382FE003D2BF2 /* CompletedView.swift in Sources */ = {isa = PBXBuildFile; fileRef = C9F2B1172B6382FE003D2BF2 /* CompletedView.swift */; };
		C9F2B11A2B638312003D2BF2 /* PlanToWatchView.swift in Sources */ = {isa = PBXBuildFile; fileRef = C9F2B1192B638312003D2BF2 /* PlanToWatchView.swift */; };
		C9F2B11C2B638324003D2BF2 /* DroppedView.swift in Sources */ = {isa = PBXBuildFile; fileRef = C9F2B11B2B638324003D2BF2 /* DroppedView.swift */; };
		C9FA7DB32B5DAAE000A2FFDD /* Kingfisher in Frameworks */ = {isa = PBXBuildFile; productRef = C9FA7DB22B5DAAE000A2FFDD /* Kingfisher */; };
		C9FA7DB52B5DAB6000A2FFDD /* CircularImageProfileView.swift in Sources */ = {isa = PBXBuildFile; fileRef = C9FA7DB42B5DAB6000A2FFDD /* CircularImageProfileView.swift */; };
/* End PBXBuildFile section */

/* Begin PBXFileReference section */
		C90B25FC2B5ACC5C00C37C22 /* MainTabView.swift */ = {isa = PBXFileReference; lastKnownFileType = sourcecode.swift; path = MainTabView.swift; sourceTree = "<group>"; };
		C90B26002B5AD8DC00C37C22 /* ContentView.swift */ = {isa = PBXFileReference; lastKnownFileType = sourcecode.swift; path = ContentView.swift; sourceTree = "<group>"; };
		C90B26072B5ADCDD00C37C22 /* SearchView.swift */ = {isa = PBXFileReference; lastKnownFileType = sourcecode.swift; path = SearchView.swift; sourceTree = "<group>"; };
		C90B260C2B5ADE9900C37C22 /* ProfileView.swift */ = {isa = PBXFileReference; lastKnownFileType = sourcecode.swift; path = ProfileView.swift; sourceTree = "<group>"; };
		C90B260E2B5ADEF900C37C22 /* ProfileHeaderView.swift */ = {isa = PBXFileReference; lastKnownFileType = sourcecode.swift; path = ProfileHeaderView.swift; sourceTree = "<group>"; };
		C90B26102B5AE09E00C37C22 /* EditProfileView.swift */ = {isa = PBXFileReference; lastKnownFileType = sourcecode.swift; path = EditProfileView.swift; sourceTree = "<group>"; };
		C90B26122B5AEBC100C37C22 /* EditProfileViewModel.swift */ = {isa = PBXFileReference; lastKnownFileType = sourcecode.swift; path = EditProfileViewModel.swift; sourceTree = "<group>"; };
		C90B26142B5AEE6D00C37C22 /* User.swift */ = {isa = PBXFileReference; lastKnownFileType = sourcecode.swift; path = User.swift; sourceTree = "<group>"; };
		C90B26162B5AEEFC00C37C22 /* ProfileViewModel.swift */ = {isa = PBXFileReference; lastKnownFileType = sourcecode.swift; path = ProfileViewModel.swift; sourceTree = "<group>"; };
		C90B26192B5AF33A00C37C22 /* ProfileCellView.swift */ = {isa = PBXFileReference; lastKnownFileType = sourcecode.swift; path = ProfileCellView.swift; sourceTree = "<group>"; };
		C90B261B2B5AF34D00C37C22 /* ProfileCellViewModel.swift */ = {isa = PBXFileReference; lastKnownFileType = sourcecode.swift; path = ProfileCellViewModel.swift; sourceTree = "<group>"; };
		C90B261D2B5B05F100C37C22 /* SearchViewModel.swift */ = {isa = PBXFileReference; lastKnownFileType = sourcecode.swift; path = SearchViewModel.swift; sourceTree = "<group>"; };
		C90C0B7E2B5BAF3A00B497CF /* LogInView.swift */ = {isa = PBXFileReference; lastKnownFileType = sourcecode.swift; path = LogInView.swift; sourceTree = "<group>"; };
		C90C0B802B5BAFC300B497CF /* CustomTextField.swift */ = {isa = PBXFileReference; lastKnownFileType = sourcecode.swift; path = CustomTextField.swift; sourceTree = "<group>"; };
		C90C0B822B5BB11900B497CF /* RegistrationView.swift */ = {isa = PBXFileReference; lastKnownFileType = sourcecode.swift; path = RegistrationView.swift; sourceTree = "<group>"; };
		C90C0B862B5BBC1200B497CF /* ImagePicker.swift */ = {isa = PBXFileReference; lastKnownFileType = sourcecode.swift; path = ImagePicker.swift; sourceTree = "<group>"; };
		C90C0B882B5BCEE700B497CF /* AuthViewModel.swift */ = {isa = PBXFileReference; lastKnownFileType = sourcecode.swift; path = AuthViewModel.swift; sourceTree = "<group>"; };
		C90C0B8A2B5BCF4100B497CF /* Constants.swift */ = {isa = PBXFileReference; lastKnownFileType = sourcecode.swift; path = Constants.swift; sourceTree = "<group>"; };
		C90C0B8C2B5BCFB100B497CF /* ImageUploader.swift */ = {isa = PBXFileReference; lastKnownFileType = sourcecode.swift; path = ImageUploader.swift; sourceTree = "<group>"; };
		C90C0B8E2B5C326B00B497CF /* GoogleService-Info.plist */ = {isa = PBXFileReference; fileEncoding = 4; lastKnownFileType = text.plist.xml; path = "GoogleService-Info.plist"; sourceTree = "<group>"; };
		C9986D452B41C36700788D9E /* MovieDetailsView.swift */ = {isa = PBXFileReference; lastKnownFileType = sourcecode.swift; path = MovieDetailsView.swift; sourceTree = "<group>"; };
		C999D25E2B44690200504175 /* ImageLoader.swift */ = {isa = PBXFileReference; lastKnownFileType = sourcecode.swift; path = ImageLoader.swift; sourceTree = "<group>"; };
		C999D2602B44699200504175 /* ImageCache.swift */ = {isa = PBXFileReference; lastKnownFileType = sourcecode.swift; path = ImageCache.swift; sourceTree = "<group>"; };
		C999D2622B4469CE00504175 /* MovieImageView.swift */ = {isa = PBXFileReference; lastKnownFileType = sourcecode.swift; path = MovieImageView.swift; sourceTree = "<group>"; };
		C9AE06E62B64031E00F7F479 /* CellHeaderView.swift */ = {isa = PBXFileReference; lastKnownFileType = sourcecode.swift; path = CellHeaderView.swift; sourceTree = "<group>"; };
		C9AE06E82B640D8D00F7F479 /* MovieListView.swift */ = {isa = PBXFileReference; lastKnownFileType = sourcecode.swift; path = MovieListView.swift; sourceTree = "<group>"; };
		C9CE7FC82B3EC2260086BAA2 /* TMDBMovieList2.0.app */ = {isa = PBXFileReference; explicitFileType = wrapper.application; includeInIndex = 0; path = TMDBMovieList2.0.app; sourceTree = BUILT_PRODUCTS_DIR; };
		C9CE7FCB2B3EC2260086BAA2 /* TMDBMovieList2_0App.swift */ = {isa = PBXFileReference; lastKnownFileType = sourcecode.swift; path = TMDBMovieList2_0App.swift; sourceTree = "<group>"; };
		C9CE7FCD2B3EC2260086BAA2 /* TopMovieListView.swift */ = {isa = PBXFileReference; lastKnownFileType = sourcecode.swift; path = TopMovieListView.swift; sourceTree = "<group>"; };
		C9CE7FCF2B3EC2270086BAA2 /* Assets.xcassets */ = {isa = PBXFileReference; lastKnownFileType = folder.assetcatalog; path = Assets.xcassets; sourceTree = "<group>"; };
		C9CE7FD22B3EC2270086BAA2 /* Preview Assets.xcassets */ = {isa = PBXFileReference; lastKnownFileType = folder.assetcatalog; path = "Preview Assets.xcassets"; sourceTree = "<group>"; };
		C9CE7FE62B3EC5CA0086BAA2 /* Movie.swift */ = {isa = PBXFileReference; lastKnownFileType = sourcecode.swift; path = Movie.swift; sourceTree = "<group>"; };
		C9CE7FE82B3EC6780086BAA2 /* TopMovieListViewModel.swift */ = {isa = PBXFileReference; lastKnownFileType = sourcecode.swift; path = TopMovieListViewModel.swift; sourceTree = "<group>"; };
		C9CE7FEA2B3EC7E10086BAA2 /* MovieAPIError.swift */ = {isa = PBXFileReference; lastKnownFileType = sourcecode.swift; path = MovieAPIError.swift; sourceTree = "<group>"; };
		C9CE7FEC2B3EC9C10086BAA2 /* MovieDataService.swift */ = {isa = PBXFileReference; lastKnownFileType = sourcecode.swift; path = MovieDataService.swift; sourceTree = "<group>"; };
		C9CE7FEE2B3EC9F90086BAA2 /* HTTPDataDownloader.swift */ = {isa = PBXFileReference; lastKnownFileType = sourcecode.swift; path = HTTPDataDownloader.swift; sourceTree = "<group>"; };
		C9F2B1112B6382B6003D2BF2 /* BookmarkedView.swift */ = {isa = PBXFileReference; lastKnownFileType = sourcecode.swift; path = BookmarkedView.swift; sourceTree = "<group>"; };
		C9F2B1132B6382D4003D2BF2 /* FavoriteView.swift */ = {isa = PBXFileReference; lastKnownFileType = sourcecode.swift; path = FavoriteView.swift; sourceTree = "<group>"; };
		C9F2B1152B6382EB003D2BF2 /* WatchingListView.swift */ = {isa = PBXFileReference; lastKnownFileType = sourcecode.swift; path = WatchingListView.swift; sourceTree = "<group>"; };
		C9F2B1172B6382FE003D2BF2 /* CompletedView.swift */ = {isa = PBXFileReference; lastKnownFileType = sourcecode.swift; path = CompletedView.swift; sourceTree = "<group>"; };
		C9F2B1192B638312003D2BF2 /* PlanToWatchView.swift */ = {isa = PBXFileReference; lastKnownFileType = sourcecode.swift; path = PlanToWatchView.swift; sourceTree = "<group>"; };
		C9F2B11B2B638324003D2BF2 /* DroppedView.swift */ = {isa = PBXFileReference; lastKnownFileType = sourcecode.swift; path = DroppedView.swift; sourceTree = "<group>"; };
		C9FA7DB42B5DAB6000A2FFDD /* CircularImageProfileView.swift */ = {isa = PBXFileReference; lastKnownFileType = sourcecode.swift; path = CircularImageProfileView.swift; sourceTree = "<group>"; };
/* End PBXFileReference section */

/* Begin PBXFrameworksBuildPhase section */
		C9CE7FC52B3EC2260086BAA2 /* Frameworks */ = {
			isa = PBXFrameworksBuildPhase;
			buildActionMask = 2147483647;
			files = (
				C90B264A2B5B12F300C37C22 /* FirebaseDatabase in Frameworks */,
				C90B26582B5B12F300C37C22 /* FirebaseFunctionsCombine-Community in Frameworks */,
				C90B26502B5B12F300C37C22 /* FirebaseFirestore in Frameworks */,
				C90B263C2B5B12F300C37C22 /* FirebaseAnalyticsSwift in Frameworks */,
				C90B26382B5B12F300C37C22 /* FirebaseAnalytics in Frameworks */,
				C90B263A2B5B12F300C37C22 /* FirebaseAnalyticsOnDeviceConversion in Frameworks */,
				C90B26602B5B12F300C37C22 /* FirebaseMLModelDownloader in Frameworks */,
				C90B26542B5B12F300C37C22 /* FirebaseFirestoreSwift in Frameworks */,
				C90B26402B5B12F300C37C22 /* FirebaseAppCheck in Frameworks */,
				C90B263E2B5B12F300C37C22 /* FirebaseAnalyticsWithoutAdIdSupport in Frameworks */,
				C90B26442B5B12F300C37C22 /* FirebaseAuth in Frameworks */,
				C90B26482B5B12F300C37C22 /* FirebaseCrashlytics in Frameworks */,
				C90B26682B5B12F300C37C22 /* FirebaseRemoteConfigSwift in Frameworks */,
				C90B265A2B5B12F300C37C22 /* FirebaseInAppMessaging-Beta in Frameworks */,
				C90B264C2B5B12F300C37C22 /* FirebaseDatabaseSwift in Frameworks */,
				C90B26562B5B12F300C37C22 /* FirebaseFunctions in Frameworks */,
				C9FA7DB32B5DAAE000A2FFDD /* Kingfisher in Frameworks */,
				C90B266C2B5B12F300C37C22 /* FirebaseStorageCombine-Community in Frameworks */,
				C90B26662B5B12F300C37C22 /* FirebaseRemoteConfig in Frameworks */,
				C90B26422B5B12F300C37C22 /* FirebaseAppDistribution-Beta in Frameworks */,
				C90B26462B5B12F300C37C22 /* FirebaseAuthCombine-Community in Frameworks */,
				C90B26642B5B12F300C37C22 /* FirebasePerformance in Frameworks */,
				C90B265C2B5B12F300C37C22 /* FirebaseInAppMessagingSwift-Beta in Frameworks */,
				C90B266A2B5B12F300C37C22 /* FirebaseStorage in Frameworks */,
				C90B264E2B5B12F300C37C22 /* FirebaseDynamicLinks in Frameworks */,
				C90B26522B5B12F300C37C22 /* FirebaseFirestoreCombine-Community in Frameworks */,
				C90B26622B5B12F300C37C22 /* FirebaseMessaging in Frameworks */,
				C90B265E2B5B12F300C37C22 /* FirebaseInstallations in Frameworks */,
			);
			runOnlyForDeploymentPostprocessing = 0;
		};
/* End PBXFrameworksBuildPhase section */

/* Begin PBXGroup section */
		C90B25F22B5ACB6E00C37C22 /* Root */ = {
			isa = PBXGroup;
			children = (
				C90B25F32B5ACB8400C37C22 /* View */,
				C90B25F42B5ACB9200C37C22 /* ViewModel */,
			);
			path = Root;
			sourceTree = "<group>";
		};
		C90B25F32B5ACB8400C37C22 /* View */ = {
			isa = PBXGroup;
			children = (
				C90B26002B5AD8DC00C37C22 /* ContentView.swift */,
			);
			path = View;
			sourceTree = "<group>";
		};
		C90B25F42B5ACB9200C37C22 /* ViewModel */ = {
			isa = PBXGroup;
			children = (
			);
			path = ViewModel;
			sourceTree = "<group>";
		};
		C90B25FB2B5ACC3700C37C22 /* TabBar */ = {
			isa = PBXGroup;
			children = (
				C90B25FC2B5ACC5C00C37C22 /* MainTabView.swift */,
			);
			path = TabBar;
			sourceTree = "<group>";
		};
		C90B26042B5ADCBE00C37C22 /* Search */ = {
			isa = PBXGroup;
			children = (
				C90B26062B5ADCCB00C37C22 /* View */,
				C90B26052B5ADCC900C37C22 /* ViewModel */,
			);
			path = Search;
			sourceTree = "<group>";
		};
		C90B26052B5ADCC900C37C22 /* ViewModel */ = {
			isa = PBXGroup;
			children = (
				C90B261D2B5B05F100C37C22 /* SearchViewModel.swift */,
			);
			path = ViewModel;
			sourceTree = "<group>";
		};
		C90B26062B5ADCCB00C37C22 /* View */ = {
			isa = PBXGroup;
			children = (
				C90B26072B5ADCDD00C37C22 /* SearchView.swift */,
			);
			path = View;
			sourceTree = "<group>";
		};
		C90B26092B5ADE4D00C37C22 /* Profile */ = {
			isa = PBXGroup;
			children = (
				C90B260B2B5ADE5E00C37C22 /* View */,
				C90B260A2B5ADE5B00C37C22 /* ViewModel */,
			);
			path = Profile;
			sourceTree = "<group>";
		};
		C90B260A2B5ADE5B00C37C22 /* ViewModel */ = {
			isa = PBXGroup;
			children = (
				C90B26122B5AEBC100C37C22 /* EditProfileViewModel.swift */,
				C90B26162B5AEEFC00C37C22 /* ProfileViewModel.swift */,
				C90B261B2B5AF34D00C37C22 /* ProfileCellViewModel.swift */,
			);
			path = ViewModel;
			sourceTree = "<group>";
		};
		C90B260B2B5ADE5E00C37C22 /* View */ = {
			isa = PBXGroup;
			children = (
				C9F2B1102B6382A9003D2BF2 /* Cells view */,
				C90B260C2B5ADE9900C37C22 /* ProfileView.swift */,
				C90B260E2B5ADEF900C37C22 /* ProfileHeaderView.swift */,
				C90B26102B5AE09E00C37C22 /* EditProfileView.swift */,
				C90B26192B5AF33A00C37C22 /* ProfileCellView.swift */,
			);
			path = View;
			sourceTree = "<group>";
		};
		C90B26712B5B19C500C37C22 /* Utils */ = {
			isa = PBXGroup;
			children = (
				C90C0B802B5BAFC300B497CF /* CustomTextField.swift */,
				C90C0B862B5BBC1200B497CF /* ImagePicker.swift */,
				C90C0B8A2B5BCF4100B497CF /* Constants.swift */,
				C9FA7DB42B5DAB6000A2FFDD /* CircularImageProfileView.swift */,
			);
			path = Utils;
			sourceTree = "<group>";
		};
		C90C0B7B2B5BAEA000B497CF /* Authintication */ = {
			isa = PBXGroup;
			children = (
				C90C0B7D2B5BAF0500B497CF /* View */,
				C90C0B7C2B5BAEFF00B497CF /* ViewModel */,
			);
			path = Authintication;
			sourceTree = "<group>";
		};
		C90C0B7C2B5BAEFF00B497CF /* ViewModel */ = {
			isa = PBXGroup;
			children = (
				C90C0B882B5BCEE700B497CF /* AuthViewModel.swift */,
			);
			path = ViewModel;
			sourceTree = "<group>";
		};
		C90C0B7D2B5BAF0500B497CF /* View */ = {
			isa = PBXGroup;
			children = (
				C90C0B7E2B5BAF3A00B497CF /* LogInView.swift */,
				C90C0B822B5BB11900B497CF /* RegistrationView.swift */,
			);
			path = View;
			sourceTree = "<group>";
		};
		C90CEC8C2B59A4FA004B3A21 /* Popular Movies */ = {
			isa = PBXGroup;
			children = (
				C90CEC8E2B59A50A004B3A21 /* View */,
				C90CEC8D2B59A508004B3A21 /* ViewModel */,
			);
			path = "Popular Movies";
			sourceTree = "<group>";
		};
		C90CEC8D2B59A508004B3A21 /* ViewModel */ = {
			isa = PBXGroup;
			children = (
			);
			path = ViewModel;
			sourceTree = "<group>";
		};
		C90CEC8E2B59A50A004B3A21 /* View */ = {
			isa = PBXGroup;
			children = (
			);
			path = View;
			sourceTree = "<group>";
		};
		C999D25D2B4468A300504175 /* Image */ = {
			isa = PBXGroup;
			children = (
				C999D25E2B44690200504175 /* ImageLoader.swift */,
				C999D2602B44699200504175 /* ImageCache.swift */,
				C999D2622B4469CE00504175 /* MovieImageView.swift */,
			);
			path = Image;
			sourceTree = "<group>";
		};
		C9AE06E32B6402D600F7F479 /* Components */ = {
			isa = PBXGroup;
			children = (
				C9AE06E52B6402F200F7F479 /* View */,
				C9AE06E42B6402E800F7F479 /* ViewModel */,
			);
			path = Components;
			sourceTree = "<group>";
		};
		C9AE06E42B6402E800F7F479 /* ViewModel */ = {
			isa = PBXGroup;
			children = (
			);
			path = ViewModel;
			sourceTree = "<group>";
		};
		C9AE06E52B6402F200F7F479 /* View */ = {
			isa = PBXGroup;
			children = (
				C9AE06E62B64031E00F7F479 /* CellHeaderView.swift */,
				C9AE06E82B640D8D00F7F479 /* MovieListView.swift */,
			);
			path = View;
			sourceTree = "<group>";
		};
		C9CE7FBF2B3EC2260086BAA2 = {
			isa = PBXGroup;
			children = (
				C9CE7FCA2B3EC2260086BAA2 /* TMDBMovieList2.0 */,
				C9CE7FC92B3EC2260086BAA2 /* Products */,
			);
			sourceTree = "<group>";
		};
		C9CE7FC92B3EC2260086BAA2 /* Products */ = {
			isa = PBXGroup;
			children = (
				C9CE7FC82B3EC2260086BAA2 /* TMDBMovieList2.0.app */,
			);
			name = Products;
			sourceTree = "<group>";
		};
		C9CE7FCA2B3EC2260086BAA2 /* TMDBMovieList2.0 */ = {
			isa = PBXGroup;
			children = (
				C9CE7FDB2B3EC2600086BAA2 /* App */,
				C9CE7FDA2B3EC25E0086BAA2 /* Core */,
				C9CE7FE02B3EC2AD0086BAA2 /* Model */,
				C9CE7FE12B3EC2AF0086BAA2 /* Service */,
				C9CE7FD92B3EC25B0086BAA2 /* Shared */,
				C90B26712B5B19C500C37C22 /* Utils */,
				C9CE7FCF2B3EC2270086BAA2 /* Assets.xcassets */,
				C9CE7FD12B3EC2270086BAA2 /* Preview Content */,
				C90C0B8E2B5C326B00B497CF /* GoogleService-Info.plist */,
			);
			path = TMDBMovieList2.0;
			sourceTree = "<group>";
		};
		C9CE7FD12B3EC2270086BAA2 /* Preview Content */ = {
			isa = PBXGroup;
			children = (
				C9CE7FD22B3EC2270086BAA2 /* Preview Assets.xcassets */,
			);
			path = "Preview Content";
			sourceTree = "<group>";
		};
		C9CE7FD92B3EC25B0086BAA2 /* Shared */ = {
			isa = PBXGroup;
			children = (
				C9CE7FE52B3EC31A0086BAA2 /* API */,
				C999D25D2B4468A300504175 /* Image */,
			);
			path = Shared;
			sourceTree = "<group>";
		};
		C9CE7FDA2B3EC25E0086BAA2 /* Core */ = {
			isa = PBXGroup;
			children = (
				C90C0B7B2B5BAEA000B497CF /* Authintication */,
				C9AE06E32B6402D600F7F479 /* Components */,
				C9CE7FDC2B3EC2890086BAA2 /* Movie Details */,
				C90CEC8C2B59A4FA004B3A21 /* Popular Movies */,
				C90B26092B5ADE4D00C37C22 /* Profile */,
				C90B25F22B5ACB6E00C37C22 /* Root */,
				C90B26042B5ADCBE00C37C22 /* Search */,
				C90B25FB2B5ACC3700C37C22 /* TabBar */,
				C9CE7FDD2B3EC28E0086BAA2 /* Top Movies */,
			);
			path = Core;
			sourceTree = "<group>";
		};
		C9CE7FDB2B3EC2600086BAA2 /* App */ = {
			isa = PBXGroup;
			children = (
				C9CE7FCB2B3EC2260086BAA2 /* TMDBMovieList2_0App.swift */,
			);
			path = App;
			sourceTree = "<group>";
		};
		C9CE7FDC2B3EC2890086BAA2 /* Movie Details */ = {
			isa = PBXGroup;
			children = (
				C9CE7FE42B3EC2FB0086BAA2 /* Model */,
				C9CE7FE32B3EC2F90086BAA2 /* View */,
				C9CE7FE22B3EC2F20086BAA2 /* ViewModel */,
			);
			path = "Movie Details";
			sourceTree = "<group>";
		};
		C9CE7FDD2B3EC28E0086BAA2 /* Top Movies */ = {
			isa = PBXGroup;
			children = (
				C9CE7FDF2B3EC2AA0086BAA2 /* View */,
				C9CE7FDE2B3EC2A80086BAA2 /* ViewModel */,
			);
			path = "Top Movies";
			sourceTree = "<group>";
		};
		C9CE7FDE2B3EC2A80086BAA2 /* ViewModel */ = {
			isa = PBXGroup;
			children = (
				C9CE7FE82B3EC6780086BAA2 /* TopMovieListViewModel.swift */,
			);
			path = ViewModel;
			sourceTree = "<group>";
		};
		C9CE7FDF2B3EC2AA0086BAA2 /* View */ = {
			isa = PBXGroup;
			children = (
				C9CE7FCD2B3EC2260086BAA2 /* TopMovieListView.swift */,
			);
			path = View;
			sourceTree = "<group>";
		};
		C9CE7FE02B3EC2AD0086BAA2 /* Model */ = {
			isa = PBXGroup;
			children = (
				C9CE7FE62B3EC5CA0086BAA2 /* Movie.swift */,
				C90B26142B5AEE6D00C37C22 /* User.swift */,
			);
			path = Model;
			sourceTree = "<group>";
		};
		C9CE7FE12B3EC2AF0086BAA2 /* Service */ = {
			isa = PBXGroup;
			children = (
				C9CE7FEC2B3EC9C10086BAA2 /* MovieDataService.swift */,
				C9CE7FEA2B3EC7E10086BAA2 /* MovieAPIError.swift */,
				C90C0B8C2B5BCFB100B497CF /* ImageUploader.swift */,
			);
			path = Service;
			sourceTree = "<group>";
		};
		C9CE7FE22B3EC2F20086BAA2 /* ViewModel */ = {
			isa = PBXGroup;
			children = (
			);
			path = ViewModel;
			sourceTree = "<group>";
		};
		C9CE7FE32B3EC2F90086BAA2 /* View */ = {
			isa = PBXGroup;
			children = (
				C9986D452B41C36700788D9E /* MovieDetailsView.swift */,
			);
			path = View;
			sourceTree = "<group>";
		};
		C9CE7FE42B3EC2FB0086BAA2 /* Model */ = {
			isa = PBXGroup;
			children = (
			);
			path = Model;
			sourceTree = "<group>";
		};
		C9CE7FE52B3EC31A0086BAA2 /* API */ = {
			isa = PBXGroup;
			children = (
				C9CE7FEE2B3EC9F90086BAA2 /* HTTPDataDownloader.swift */,
			);
			path = API;
			sourceTree = "<group>";
		};
		C9F2B1102B6382A9003D2BF2 /* Cells view */ = {
			isa = PBXGroup;
			children = (
				C9F2B1112B6382B6003D2BF2 /* BookmarkedView.swift */,
				C9F2B1132B6382D4003D2BF2 /* FavoriteView.swift */,
				C9F2B1152B6382EB003D2BF2 /* WatchingListView.swift */,
				C9F2B1172B6382FE003D2BF2 /* CompletedView.swift */,
				C9F2B1192B638312003D2BF2 /* PlanToWatchView.swift */,
				C9F2B11B2B638324003D2BF2 /* DroppedView.swift */,
			);
			path = "Cells view";
			sourceTree = "<group>";
		};
/* End PBXGroup section */

/* Begin PBXNativeTarget section */
		C9CE7FC72B3EC2260086BAA2 /* TMDBMovieList2.0 */ = {
			isa = PBXNativeTarget;
			buildConfigurationList = C9CE7FD62B3EC2270086BAA2 /* Build configuration list for PBXNativeTarget "TMDBMovieList2.0" */;
			buildPhases = (
				C9CE7FC42B3EC2260086BAA2 /* Sources */,
				C9CE7FC52B3EC2260086BAA2 /* Frameworks */,
				C9CE7FC62B3EC2260086BAA2 /* Resources */,
			);
			buildRules = (
			);
			dependencies = (
			);
			name = TMDBMovieList2.0;
			packageProductDependencies = (
				C90B26372B5B12F300C37C22 /* FirebaseAnalytics */,
				C90B26392B5B12F300C37C22 /* FirebaseAnalyticsOnDeviceConversion */,
				C90B263B2B5B12F300C37C22 /* FirebaseAnalyticsSwift */,
				C90B263D2B5B12F300C37C22 /* FirebaseAnalyticsWithoutAdIdSupport */,
				C90B263F2B5B12F300C37C22 /* FirebaseAppCheck */,
				C90B26412B5B12F300C37C22 /* FirebaseAppDistribution-Beta */,
				C90B26432B5B12F300C37C22 /* FirebaseAuth */,
				C90B26452B5B12F300C37C22 /* FirebaseAuthCombine-Community */,
				C90B26472B5B12F300C37C22 /* FirebaseCrashlytics */,
				C90B26492B5B12F300C37C22 /* FirebaseDatabase */,
				C90B264B2B5B12F300C37C22 /* FirebaseDatabaseSwift */,
				C90B264D2B5B12F300C37C22 /* FirebaseDynamicLinks */,
				C90B264F2B5B12F300C37C22 /* FirebaseFirestore */,
				C90B26512B5B12F300C37C22 /* FirebaseFirestoreCombine-Community */,
				C90B26532B5B12F300C37C22 /* FirebaseFirestoreSwift */,
				C90B26552B5B12F300C37C22 /* FirebaseFunctions */,
				C90B26572B5B12F300C37C22 /* FirebaseFunctionsCombine-Community */,
				C90B26592B5B12F300C37C22 /* FirebaseInAppMessaging-Beta */,
				C90B265B2B5B12F300C37C22 /* FirebaseInAppMessagingSwift-Beta */,
				C90B265D2B5B12F300C37C22 /* FirebaseInstallations */,
				C90B265F2B5B12F300C37C22 /* FirebaseMLModelDownloader */,
				C90B26612B5B12F300C37C22 /* FirebaseMessaging */,
				C90B26632B5B12F300C37C22 /* FirebasePerformance */,
				C90B26652B5B12F300C37C22 /* FirebaseRemoteConfig */,
				C90B26672B5B12F300C37C22 /* FirebaseRemoteConfigSwift */,
				C90B26692B5B12F300C37C22 /* FirebaseStorage */,
				C90B266B2B5B12F300C37C22 /* FirebaseStorageCombine-Community */,
				C9FA7DB22B5DAAE000A2FFDD /* Kingfisher */,
			);
			productName = TMDBMovieList2.0;
			productReference = C9CE7FC82B3EC2260086BAA2 /* TMDBMovieList2.0.app */;
			productType = "com.apple.product-type.application";
		};
/* End PBXNativeTarget section */

/* Begin PBXProject section */
		C9CE7FC02B3EC2260086BAA2 /* Project object */ = {
			isa = PBXProject;
			attributes = {
				BuildIndependentTargetsInParallel = 1;
				LastSwiftUpdateCheck = 1510;
				LastUpgradeCheck = 1510;
				TargetAttributes = {
					C9CE7FC72B3EC2260086BAA2 = {
						CreatedOnToolsVersion = 15.1;
					};
				};
			};
			buildConfigurationList = C9CE7FC32B3EC2260086BAA2 /* Build configuration list for PBXProject "TMDBMovieList2.0" */;
			compatibilityVersion = "Xcode 14.0";
			developmentRegion = en;
			hasScannedForEncodings = 0;
			knownRegions = (
				en,
				Base,
			);
			mainGroup = C9CE7FBF2B3EC2260086BAA2;
			packageReferences = (
				C90B26362B5B12F300C37C22 /* XCRemoteSwiftPackageReference "firebase-ios-sdk" */,
				C9FA7DB12B5DAAE000A2FFDD /* XCRemoteSwiftPackageReference "Kingfisher" */,
			);
			productRefGroup = C9CE7FC92B3EC2260086BAA2 /* Products */;
			projectDirPath = "";
			projectRoot = "";
			targets = (
				C9CE7FC72B3EC2260086BAA2 /* TMDBMovieList2.0 */,
			);
		};
/* End PBXProject section */

/* Begin PBXResourcesBuildPhase section */
		C9CE7FC62B3EC2260086BAA2 /* Resources */ = {
			isa = PBXResourcesBuildPhase;
			buildActionMask = 2147483647;
			files = (
				C9CE7FD32B3EC2270086BAA2 /* Preview Assets.xcassets in Resources */,
				C9CE7FD02B3EC2270086BAA2 /* Assets.xcassets in Resources */,
				C90C0B8F2B5C326B00B497CF /* GoogleService-Info.plist in Resources */,
			);
			runOnlyForDeploymentPostprocessing = 0;
		};
/* End PBXResourcesBuildPhase section */

/* Begin PBXSourcesBuildPhase section */
		C9CE7FC42B3EC2260086BAA2 /* Sources */ = {
			isa = PBXSourcesBuildPhase;
			buildActionMask = 2147483647;
			files = (
				C90C0B812B5BAFC300B497CF /* CustomTextField.swift in Sources */,
				C90B26112B5AE09E00C37C22 /* EditProfileView.swift in Sources */,
				C90B26132B5AEBC100C37C22 /* EditProfileViewModel.swift in Sources */,
				C999D2612B44699200504175 /* ImageCache.swift in Sources */,
				C9FA7DB52B5DAB6000A2FFDD /* CircularImageProfileView.swift in Sources */,
				C9CE7FED2B3EC9C10086BAA2 /* MovieDataService.swift in Sources */,
				C90C0B8B2B5BCF4100B497CF /* Constants.swift in Sources */,
				C9F2B1162B6382EB003D2BF2 /* WatchingListView.swift in Sources */,
				C90C0B8D2B5BCFB100B497CF /* ImageUploader.swift in Sources */,
				C90B261A2B5AF33A00C37C22 /* ProfileCellView.swift in Sources */,
				C9F2B1122B6382B6003D2BF2 /* BookmarkedView.swift in Sources */,
				C90B261C2B5AF34D00C37C22 /* ProfileCellViewModel.swift in Sources */,
				C9F2B11A2B638312003D2BF2 /* PlanToWatchView.swift in Sources */,
				C9CE7FEF2B3EC9F90086BAA2 /* HTTPDataDownloader.swift in Sources */,
				C9986D462B41C36700788D9E /* MovieDetailsView.swift in Sources */,
				C90B26172B5AEEFC00C37C22 /* ProfileViewModel.swift in Sources */,
				C90B260F2B5ADEF900C37C22 /* ProfileHeaderView.swift in Sources */,
				C9CE7FEB2B3EC7E10086BAA2 /* MovieAPIError.swift in Sources */,
				C9F2B1142B6382D4003D2BF2 /* FavoriteView.swift in Sources */,
				C90C0B832B5BB11900B497CF /* RegistrationView.swift in Sources */,
				C90B26152B5AEE6D00C37C22 /* User.swift in Sources */,
				C90C0B7F2B5BAF3A00B497CF /* LogInView.swift in Sources */,
				C999D2632B4469CE00504175 /* MovieImageView.swift in Sources */,
				C9AE06E92B640D8D00F7F479 /* MovieListView.swift in Sources */,
				C90B25FD2B5ACC5C00C37C22 /* MainTabView.swift in Sources */,
				C90C0B872B5BBC1200B497CF /* ImagePicker.swift in Sources */,
				C9CE7FE72B3EC5CA0086BAA2 /* Movie.swift in Sources */,
				C90B260D2B5ADE9900C37C22 /* ProfileView.swift in Sources */,
				C9AE06E72B64031E00F7F479 /* CellHeaderView.swift in Sources */,
				C999D25F2B44690200504175 /* ImageLoader.swift in Sources */,
				C9CE7FCE2B3EC2260086BAA2 /* TopMovieListView.swift in Sources */,
				C9F2B11C2B638324003D2BF2 /* DroppedView.swift in Sources */,
				C90B261E2B5B05F100C37C22 /* SearchViewModel.swift in Sources */,
				C90B26082B5ADCDD00C37C22 /* SearchView.swift in Sources */,
				C9F2B1182B6382FE003D2BF2 /* CompletedView.swift in Sources */,
				C90C0B892B5BCEE700B497CF /* AuthViewModel.swift in Sources */,
				C90B26012B5AD8DC00C37C22 /* ContentView.swift in Sources */,
				C9CE7FCC2B3EC2260086BAA2 /* TMDBMovieList2_0App.swift in Sources */,
				C9CE7FE92B3EC6780086BAA2 /* TopMovieListViewModel.swift in Sources */,
			);
			runOnlyForDeploymentPostprocessing = 0;
		};
/* End PBXSourcesBuildPhase section */

/* Begin XCBuildConfiguration section */
		C9CE7FD42B3EC2270086BAA2 /* Debug */ = {
			isa = XCBuildConfiguration;
			buildSettings = {
				ALWAYS_SEARCH_USER_PATHS = NO;
				ASSETCATALOG_COMPILER_GENERATE_SWIFT_ASSET_SYMBOL_EXTENSIONS = YES;
				CLANG_ANALYZER_NONNULL = YES;
				CLANG_ANALYZER_NUMBER_OBJECT_CONVERSION = YES_AGGRESSIVE;
				CLANG_CXX_LANGUAGE_STANDARD = "gnu++20";
				CLANG_ENABLE_MODULES = YES;
				CLANG_ENABLE_OBJC_ARC = YES;
				CLANG_ENABLE_OBJC_WEAK = YES;
				CLANG_WARN_BLOCK_CAPTURE_AUTORELEASING = YES;
				CLANG_WARN_BOOL_CONVERSION = YES;
				CLANG_WARN_COMMA = YES;
				CLANG_WARN_CONSTANT_CONVERSION = YES;
				CLANG_WARN_DEPRECATED_OBJC_IMPLEMENTATIONS = YES;
				CLANG_WARN_DIRECT_OBJC_ISA_USAGE = YES_ERROR;
				CLANG_WARN_DOCUMENTATION_COMMENTS = YES;
				CLANG_WARN_EMPTY_BODY = YES;
				CLANG_WARN_ENUM_CONVERSION = YES;
				CLANG_WARN_INFINITE_RECURSION = YES;
				CLANG_WARN_INT_CONVERSION = YES;
				CLANG_WARN_NON_LITERAL_NULL_CONVERSION = YES;
				CLANG_WARN_OBJC_IMPLICIT_RETAIN_SELF = YES;
				CLANG_WARN_OBJC_LITERAL_CONVERSION = YES;
				CLANG_WARN_OBJC_ROOT_CLASS = YES_ERROR;
				CLANG_WARN_QUOTED_INCLUDE_IN_FRAMEWORK_HEADER = YES;
				CLANG_WARN_RANGE_LOOP_ANALYSIS = YES;
				CLANG_WARN_STRICT_PROTOTYPES = YES;
				CLANG_WARN_SUSPICIOUS_MOVE = YES;
				CLANG_WARN_UNGUARDED_AVAILABILITY = YES_AGGRESSIVE;
				CLANG_WARN_UNREACHABLE_CODE = YES;
				CLANG_WARN__DUPLICATE_METHOD_MATCH = YES;
				COPY_PHASE_STRIP = NO;
				DEBUG_INFORMATION_FORMAT = dwarf;
				ENABLE_STRICT_OBJC_MSGSEND = YES;
				ENABLE_TESTABILITY = YES;
				ENABLE_USER_SCRIPT_SANDBOXING = YES;
				GCC_C_LANGUAGE_STANDARD = gnu17;
				GCC_DYNAMIC_NO_PIC = NO;
				GCC_NO_COMMON_BLOCKS = YES;
				GCC_OPTIMIZATION_LEVEL = 0;
				GCC_PREPROCESSOR_DEFINITIONS = (
					"DEBUG=1",
					"$(inherited)",
				);
				GCC_WARN_64_TO_32_BIT_CONVERSION = YES;
				GCC_WARN_ABOUT_RETURN_TYPE = YES_ERROR;
				GCC_WARN_UNDECLARED_SELECTOR = YES;
				GCC_WARN_UNINITIALIZED_AUTOS = YES_AGGRESSIVE;
				GCC_WARN_UNUSED_FUNCTION = YES;
				GCC_WARN_UNUSED_VARIABLE = YES;
				IPHONEOS_DEPLOYMENT_TARGET = 17.2;
				LOCALIZATION_PREFERS_STRING_CATALOGS = YES;
				MTL_ENABLE_DEBUG_INFO = INCLUDE_SOURCE;
				MTL_FAST_MATH = YES;
				ONLY_ACTIVE_ARCH = YES;
				SDKROOT = iphoneos;
				SWIFT_ACTIVE_COMPILATION_CONDITIONS = "DEBUG $(inherited)";
				SWIFT_OPTIMIZATION_LEVEL = "-Onone";
			};
			name = Debug;
		};
		C9CE7FD52B3EC2270086BAA2 /* Release */ = {
			isa = XCBuildConfiguration;
			buildSettings = {
				ALWAYS_SEARCH_USER_PATHS = NO;
				ASSETCATALOG_COMPILER_GENERATE_SWIFT_ASSET_SYMBOL_EXTENSIONS = YES;
				CLANG_ANALYZER_NONNULL = YES;
				CLANG_ANALYZER_NUMBER_OBJECT_CONVERSION = YES_AGGRESSIVE;
				CLANG_CXX_LANGUAGE_STANDARD = "gnu++20";
				CLANG_ENABLE_MODULES = YES;
				CLANG_ENABLE_OBJC_ARC = YES;
				CLANG_ENABLE_OBJC_WEAK = YES;
				CLANG_WARN_BLOCK_CAPTURE_AUTORELEASING = YES;
				CLANG_WARN_BOOL_CONVERSION = YES;
				CLANG_WARN_COMMA = YES;
				CLANG_WARN_CONSTANT_CONVERSION = YES;
				CLANG_WARN_DEPRECATED_OBJC_IMPLEMENTATIONS = YES;
				CLANG_WARN_DIRECT_OBJC_ISA_USAGE = YES_ERROR;
				CLANG_WARN_DOCUMENTATION_COMMENTS = YES;
				CLANG_WARN_EMPTY_BODY = YES;
				CLANG_WARN_ENUM_CONVERSION = YES;
				CLANG_WARN_INFINITE_RECURSION = YES;
				CLANG_WARN_INT_CONVERSION = YES;
				CLANG_WARN_NON_LITERAL_NULL_CONVERSION = YES;
				CLANG_WARN_OBJC_IMPLICIT_RETAIN_SELF = YES;
				CLANG_WARN_OBJC_LITERAL_CONVERSION = YES;
				CLANG_WARN_OBJC_ROOT_CLASS = YES_ERROR;
				CLANG_WARN_QUOTED_INCLUDE_IN_FRAMEWORK_HEADER = YES;
				CLANG_WARN_RANGE_LOOP_ANALYSIS = YES;
				CLANG_WARN_STRICT_PROTOTYPES = YES;
				CLANG_WARN_SUSPICIOUS_MOVE = YES;
				CLANG_WARN_UNGUARDED_AVAILABILITY = YES_AGGRESSIVE;
				CLANG_WARN_UNREACHABLE_CODE = YES;
				CLANG_WARN__DUPLICATE_METHOD_MATCH = YES;
				COPY_PHASE_STRIP = NO;
				DEBUG_INFORMATION_FORMAT = "dwarf-with-dsym";
				ENABLE_NS_ASSERTIONS = NO;
				ENABLE_STRICT_OBJC_MSGSEND = YES;
				ENABLE_USER_SCRIPT_SANDBOXING = YES;
				GCC_C_LANGUAGE_STANDARD = gnu17;
				GCC_NO_COMMON_BLOCKS = YES;
				GCC_WARN_64_TO_32_BIT_CONVERSION = YES;
				GCC_WARN_ABOUT_RETURN_TYPE = YES_ERROR;
				GCC_WARN_UNDECLARED_SELECTOR = YES;
				GCC_WARN_UNINITIALIZED_AUTOS = YES_AGGRESSIVE;
				GCC_WARN_UNUSED_FUNCTION = YES;
				GCC_WARN_UNUSED_VARIABLE = YES;
				IPHONEOS_DEPLOYMENT_TARGET = 17.2;
				LOCALIZATION_PREFERS_STRING_CATALOGS = YES;
				MTL_ENABLE_DEBUG_INFO = NO;
				MTL_FAST_MATH = YES;
				SDKROOT = iphoneos;
				SWIFT_COMPILATION_MODE = wholemodule;
				VALIDATE_PRODUCT = YES;
			};
			name = Release;
		};
		C9CE7FD72B3EC2270086BAA2 /* Debug */ = {
			isa = XCBuildConfiguration;
			buildSettings = {
				ASSETCATALOG_COMPILER_APPICON_NAME = AppIcon;
				ASSETCATALOG_COMPILER_GLOBAL_ACCENT_COLOR_NAME = AccentColor;
				CODE_SIGN_STYLE = Automatic;
				CURRENT_PROJECT_VERSION = 1;
				DEVELOPMENT_ASSET_PATHS = "\"TMDBMovieList2.0/Preview Content\"";
				ENABLE_PREVIEWS = YES;
				GENERATE_INFOPLIST_FILE = YES;
				INFOPLIST_KEY_UIApplicationSceneManifest_Generation = YES;
				INFOPLIST_KEY_UIApplicationSupportsIndirectInputEvents = YES;
				INFOPLIST_KEY_UILaunchScreen_Generation = YES;
				INFOPLIST_KEY_UISupportedInterfaceOrientations_iPad = "UIInterfaceOrientationPortrait UIInterfaceOrientationPortraitUpsideDown UIInterfaceOrientationLandscapeLeft UIInterfaceOrientationLandscapeRight";
				INFOPLIST_KEY_UISupportedInterfaceOrientations_iPhone = "UIInterfaceOrientationPortrait UIInterfaceOrientationLandscapeLeft UIInterfaceOrientationLandscapeRight";
				LD_RUNPATH_SEARCH_PATHS = (
					"$(inherited)",
					"@executable_path/Frameworks",
				);
				MARKETING_VERSION = 1.0;
				PRODUCT_BUNDLE_IDENTIFIER = "com.smk.TMDBMovieList2-0";
				PRODUCT_NAME = "$(TARGET_NAME)";
				SWIFT_EMIT_LOC_STRINGS = YES;
				SWIFT_VERSION = 5.0;
				TARGETED_DEVICE_FAMILY = "1,2";
			};
			name = Debug;
		};
		C9CE7FD82B3EC2270086BAA2 /* Release */ = {
			isa = XCBuildConfiguration;
			buildSettings = {
				ASSETCATALOG_COMPILER_APPICON_NAME = AppIcon;
				ASSETCATALOG_COMPILER_GLOBAL_ACCENT_COLOR_NAME = AccentColor;
				CODE_SIGN_STYLE = Automatic;
				CURRENT_PROJECT_VERSION = 1;
				DEVELOPMENT_ASSET_PATHS = "\"TMDBMovieList2.0/Preview Content\"";
				ENABLE_PREVIEWS = YES;
				GENERATE_INFOPLIST_FILE = YES;
				INFOPLIST_KEY_UIApplicationSceneManifest_Generation = YES;
				INFOPLIST_KEY_UIApplicationSupportsIndirectInputEvents = YES;
				INFOPLIST_KEY_UILaunchScreen_Generation = YES;
				INFOPLIST_KEY_UISupportedInterfaceOrientations_iPad = "UIInterfaceOrientationPortrait UIInterfaceOrientationPortraitUpsideDown UIInterfaceOrientationLandscapeLeft UIInterfaceOrientationLandscapeRight";
				INFOPLIST_KEY_UISupportedInterfaceOrientations_iPhone = "UIInterfaceOrientationPortrait UIInterfaceOrientationLandscapeLeft UIInterfaceOrientationLandscapeRight";
				LD_RUNPATH_SEARCH_PATHS = (
					"$(inherited)",
					"@executable_path/Frameworks",
				);
				MARKETING_VERSION = 1.0;
				PRODUCT_BUNDLE_IDENTIFIER = "com.smk.TMDBMovieList2-0";
				PRODUCT_NAME = "$(TARGET_NAME)";
				SWIFT_EMIT_LOC_STRINGS = YES;
				SWIFT_VERSION = 5.0;
				TARGETED_DEVICE_FAMILY = "1,2";
			};
			name = Release;
		};
/* End XCBuildConfiguration section */

/* Begin XCConfigurationList section */
		C9CE7FC32B3EC2260086BAA2 /* Build configuration list for PBXProject "TMDBMovieList2.0" */ = {
			isa = XCConfigurationList;
			buildConfigurations = (
				C9CE7FD42B3EC2270086BAA2 /* Debug */,
				C9CE7FD52B3EC2270086BAA2 /* Release */,
			);
			defaultConfigurationIsVisible = 0;
			defaultConfigurationName = Release;
		};
		C9CE7FD62B3EC2270086BAA2 /* Build configuration list for PBXNativeTarget "TMDBMovieList2.0" */ = {
			isa = XCConfigurationList;
			buildConfigurations = (
				C9CE7FD72B3EC2270086BAA2 /* Debug */,
				C9CE7FD82B3EC2270086BAA2 /* Release */,
			);
			defaultConfigurationIsVisible = 0;
			defaultConfigurationName = Release;
		};
/* End XCConfigurationList section */

/* Begin XCRemoteSwiftPackageReference section */
		C90B26362B5B12F300C37C22 /* XCRemoteSwiftPackageReference "firebase-ios-sdk" */ = {
			isa = XCRemoteSwiftPackageReference;
			repositoryURL = "https://github.com/firebase/firebase-ios-sdk.git";
			requirement = {
				kind = upToNextMajorVersion;
				minimumVersion = 10.20.0;
			};
		};
		C9FA7DB12B5DAAE000A2FFDD /* XCRemoteSwiftPackageReference "Kingfisher" */ = {
			isa = XCRemoteSwiftPackageReference;
			repositoryURL = "https://github.com/onevcat/Kingfisher.git";
			requirement = {
				kind = upToNextMajorVersion;
				minimumVersion = 7.10.2;
			};
		};
/* End XCRemoteSwiftPackageReference section */

/* Begin XCSwiftPackageProductDependency section */
		C90B26372B5B12F300C37C22 /* FirebaseAnalytics */ = {
			isa = XCSwiftPackageProductDependency;
			package = C90B26362B5B12F300C37C22 /* XCRemoteSwiftPackageReference "firebase-ios-sdk" */;
			productName = FirebaseAnalytics;
		};
		C90B26392B5B12F300C37C22 /* FirebaseAnalyticsOnDeviceConversion */ = {
			isa = XCSwiftPackageProductDependency;
			package = C90B26362B5B12F300C37C22 /* XCRemoteSwiftPackageReference "firebase-ios-sdk" */;
			productName = FirebaseAnalyticsOnDeviceConversion;
		};
		C90B263B2B5B12F300C37C22 /* FirebaseAnalyticsSwift */ = {
			isa = XCSwiftPackageProductDependency;
			package = C90B26362B5B12F300C37C22 /* XCRemoteSwiftPackageReference "firebase-ios-sdk" */;
			productName = FirebaseAnalyticsSwift;
		};
		C90B263D2B5B12F300C37C22 /* FirebaseAnalyticsWithoutAdIdSupport */ = {
			isa = XCSwiftPackageProductDependency;
			package = C90B26362B5B12F300C37C22 /* XCRemoteSwiftPackageReference "firebase-ios-sdk" */;
			productName = FirebaseAnalyticsWithoutAdIdSupport;
		};
		C90B263F2B5B12F300C37C22 /* FirebaseAppCheck */ = {
			isa = XCSwiftPackageProductDependency;
			package = C90B26362B5B12F300C37C22 /* XCRemoteSwiftPackageReference "firebase-ios-sdk" */;
			productName = FirebaseAppCheck;
		};
		C90B26412B5B12F300C37C22 /* FirebaseAppDistribution-Beta */ = {
			isa = XCSwiftPackageProductDependency;
			package = C90B26362B5B12F300C37C22 /* XCRemoteSwiftPackageReference "firebase-ios-sdk" */;
			productName = "FirebaseAppDistribution-Beta";
		};
		C90B26432B5B12F300C37C22 /* FirebaseAuth */ = {
			isa = XCSwiftPackageProductDependency;
			package = C90B26362B5B12F300C37C22 /* XCRemoteSwiftPackageReference "firebase-ios-sdk" */;
			productName = FirebaseAuth;
		};
		C90B26452B5B12F300C37C22 /* FirebaseAuthCombine-Community */ = {
			isa = XCSwiftPackageProductDependency;
			package = C90B26362B5B12F300C37C22 /* XCRemoteSwiftPackageReference "firebase-ios-sdk" */;
			productName = "FirebaseAuthCombine-Community";
		};
		C90B26472B5B12F300C37C22 /* FirebaseCrashlytics */ = {
			isa = XCSwiftPackageProductDependency;
			package = C90B26362B5B12F300C37C22 /* XCRemoteSwiftPackageReference "firebase-ios-sdk" */;
			productName = FirebaseCrashlytics;
		};
		C90B26492B5B12F300C37C22 /* FirebaseDatabase */ = {
			isa = XCSwiftPackageProductDependency;
			package = C90B26362B5B12F300C37C22 /* XCRemoteSwiftPackageReference "firebase-ios-sdk" */;
			productName = FirebaseDatabase;
		};
		C90B264B2B5B12F300C37C22 /* FirebaseDatabaseSwift */ = {
			isa = XCSwiftPackageProductDependency;
			package = C90B26362B5B12F300C37C22 /* XCRemoteSwiftPackageReference "firebase-ios-sdk" */;
			productName = FirebaseDatabaseSwift;
		};
		C90B264D2B5B12F300C37C22 /* FirebaseDynamicLinks */ = {
			isa = XCSwiftPackageProductDependency;
			package = C90B26362B5B12F300C37C22 /* XCRemoteSwiftPackageReference "firebase-ios-sdk" */;
			productName = FirebaseDynamicLinks;
		};
		C90B264F2B5B12F300C37C22 /* FirebaseFirestore */ = {
			isa = XCSwiftPackageProductDependency;
			package = C90B26362B5B12F300C37C22 /* XCRemoteSwiftPackageReference "firebase-ios-sdk" */;
			productName = FirebaseFirestore;
		};
		C90B26512B5B12F300C37C22 /* FirebaseFirestoreCombine-Community */ = {
			isa = XCSwiftPackageProductDependency;
			package = C90B26362B5B12F300C37C22 /* XCRemoteSwiftPackageReference "firebase-ios-sdk" */;
			productName = "FirebaseFirestoreCombine-Community";
		};
		C90B26532B5B12F300C37C22 /* FirebaseFirestoreSwift */ = {
			isa = XCSwiftPackageProductDependency;
			package = C90B26362B5B12F300C37C22 /* XCRemoteSwiftPackageReference "firebase-ios-sdk" */;
			productName = FirebaseFirestoreSwift;
		};
		C90B26552B5B12F300C37C22 /* FirebaseFunctions */ = {
			isa = XCSwiftPackageProductDependency;
			package = C90B26362B5B12F300C37C22 /* XCRemoteSwiftPackageReference "firebase-ios-sdk" */;
			productName = FirebaseFunctions;
		};
		C90B26572B5B12F300C37C22 /* FirebaseFunctionsCombine-Community */ = {
			isa = XCSwiftPackageProductDependency;
			package = C90B26362B5B12F300C37C22 /* XCRemoteSwiftPackageReference "firebase-ios-sdk" */;
			productName = "FirebaseFunctionsCombine-Community";
		};
		C90B26592B5B12F300C37C22 /* FirebaseInAppMessaging-Beta */ = {
			isa = XCSwiftPackageProductDependency;
			package = C90B26362B5B12F300C37C22 /* XCRemoteSwiftPackageReference "firebase-ios-sdk" */;
			productName = "FirebaseInAppMessaging-Beta";
		};
		C90B265B2B5B12F300C37C22 /* FirebaseInAppMessagingSwift-Beta */ = {
			isa = XCSwiftPackageProductDependency;
			package = C90B26362B5B12F300C37C22 /* XCRemoteSwiftPackageReference "firebase-ios-sdk" */;
			productName = "FirebaseInAppMessagingSwift-Beta";
		};
		C90B265D2B5B12F300C37C22 /* FirebaseInstallations */ = {
			isa = XCSwiftPackageProductDependency;
			package = C90B26362B5B12F300C37C22 /* XCRemoteSwiftPackageReference "firebase-ios-sdk" */;
			productName = FirebaseInstallations;
		};
		C90B265F2B5B12F300C37C22 /* FirebaseMLModelDownloader */ = {
			isa = XCSwiftPackageProductDependency;
			package = C90B26362B5B12F300C37C22 /* XCRemoteSwiftPackageReference "firebase-ios-sdk" */;
			productName = FirebaseMLModelDownloader;
		};
		C90B26612B5B12F300C37C22 /* FirebaseMessaging */ = {
			isa = XCSwiftPackageProductDependency;
			package = C90B26362B5B12F300C37C22 /* XCRemoteSwiftPackageReference "firebase-ios-sdk" */;
			productName = FirebaseMessaging;
		};
		C90B26632B5B12F300C37C22 /* FirebasePerformance */ = {
			isa = XCSwiftPackageProductDependency;
			package = C90B26362B5B12F300C37C22 /* XCRemoteSwiftPackageReference "firebase-ios-sdk" */;
			productName = FirebasePerformance;
		};
		C90B26652B5B12F300C37C22 /* FirebaseRemoteConfig */ = {
			isa = XCSwiftPackageProductDependency;
			package = C90B26362B5B12F300C37C22 /* XCRemoteSwiftPackageReference "firebase-ios-sdk" */;
			productName = FirebaseRemoteConfig;
		};
		C90B26672B5B12F300C37C22 /* FirebaseRemoteConfigSwift */ = {
			isa = XCSwiftPackageProductDependency;
			package = C90B26362B5B12F300C37C22 /* XCRemoteSwiftPackageReference "firebase-ios-sdk" */;
			productName = FirebaseRemoteConfigSwift;
		};
		C90B26692B5B12F300C37C22 /* FirebaseStorage */ = {
			isa = XCSwiftPackageProductDependency;
			package = C90B26362B5B12F300C37C22 /* XCRemoteSwiftPackageReference "firebase-ios-sdk" */;
			productName = FirebaseStorage;
		};
		C90B266B2B5B12F300C37C22 /* FirebaseStorageCombine-Community */ = {
			isa = XCSwiftPackageProductDependency;
			package = C90B26362B5B12F300C37C22 /* XCRemoteSwiftPackageReference "firebase-ios-sdk" */;
			productName = "FirebaseStorageCombine-Community";
		};
		C9FA7DB22B5DAAE000A2FFDD /* Kingfisher */ = {
			isa = XCSwiftPackageProductDependency;
			package = C9FA7DB12B5DAAE000A2FFDD /* XCRemoteSwiftPackageReference "Kingfisher" */;
			productName = Kingfisher;
		};
/* End XCSwiftPackageProductDependency section */
	};
	rootObject = C9CE7FC02B3EC2260086BAA2 /* Project object */;
}
