// !$*UTF8*$!
{
	archiveVersion = 1;
	classes = {
	};
	objectVersion = 56;
	objects = {

/* Begin PBXBuildFile section */
		C9986D462B41C36700788D9E /* MovieDetailsView.swift in Sources */ = {isa = PBXBuildFile; fileRef = C9986D452B41C36700788D9E /* MovieDetailsView.swift */; };
		C999D25F2B44690200504175 /* ImageLoader.swift in Sources */ = {isa = PBXBuildFile; fileRef = C999D25E2B44690200504175 /* ImageLoader.swift */; };
		C999D2612B44699200504175 /* ImageCache.swift in Sources */ = {isa = PBXBuildFile; fileRef = C999D2602B44699200504175 /* ImageCache.swift */; };
		C999D2632B4469CE00504175 /* MovieImageView.swift in Sources */ = {isa = PBXBuildFile; fileRef = C999D2622B4469CE00504175 /* MovieImageView.swift */; };
		C9CE7FCC2B3EC2260086BAA2 /* TMDBMovieList2_0App.swift in Sources */ = {isa = PBXBuildFile; fileRef = C9CE7FCB2B3EC2260086BAA2 /* TMDBMovieList2_0App.swift */; };
		C9CE7FCE2B3EC2260086BAA2 /* MovieListView.swift in Sources */ = {isa = PBXBuildFile; fileRef = C9CE7FCD2B3EC2260086BAA2 /* MovieListView.swift */; };
		C9CE7FD02B3EC2270086BAA2 /* Assets.xcassets in Resources */ = {isa = PBXBuildFile; fileRef = C9CE7FCF2B3EC2270086BAA2 /* Assets.xcassets */; };
		C9CE7FD32B3EC2270086BAA2 /* Preview Assets.xcassets in Resources */ = {isa = PBXBuildFile; fileRef = C9CE7FD22B3EC2270086BAA2 /* Preview Assets.xcassets */; };
		C9CE7FE72B3EC5CA0086BAA2 /* MovieModel.swift in Sources */ = {isa = PBXBuildFile; fileRef = C9CE7FE62B3EC5CA0086BAA2 /* MovieModel.swift */; };
		C9CE7FE92B3EC6780086BAA2 /* MovieViewModel.swift in Sources */ = {isa = PBXBuildFile; fileRef = C9CE7FE82B3EC6780086BAA2 /* MovieViewModel.swift */; };
		C9CE7FEB2B3EC7E10086BAA2 /* MovieAPIError.swift in Sources */ = {isa = PBXBuildFile; fileRef = C9CE7FEA2B3EC7E10086BAA2 /* MovieAPIError.swift */; };
		C9CE7FED2B3EC9C10086BAA2 /* MovieDataService.swift in Sources */ = {isa = PBXBuildFile; fileRef = C9CE7FEC2B3EC9C10086BAA2 /* MovieDataService.swift */; };
		C9CE7FEF2B3EC9F90086BAA2 /* HTTPDataDownloader.swift in Sources */ = {isa = PBXBuildFile; fileRef = C9CE7FEE2B3EC9F90086BAA2 /* HTTPDataDownloader.swift */; };
/* End PBXBuildFile section */

/* Begin PBXFileReference section */
		C9986D452B41C36700788D9E /* MovieDetailsView.swift */ = {isa = PBXFileReference; lastKnownFileType = sourcecode.swift; path = MovieDetailsView.swift; sourceTree = "<group>"; };
		C999D25E2B44690200504175 /* ImageLoader.swift */ = {isa = PBXFileReference; lastKnownFileType = sourcecode.swift; path = ImageLoader.swift; sourceTree = "<group>"; };
		C999D2602B44699200504175 /* ImageCache.swift */ = {isa = PBXFileReference; lastKnownFileType = sourcecode.swift; path = ImageCache.swift; sourceTree = "<group>"; };
		C999D2622B4469CE00504175 /* MovieImageView.swift */ = {isa = PBXFileReference; lastKnownFileType = sourcecode.swift; path = MovieImageView.swift; sourceTree = "<group>"; };
		C9CE7FC82B3EC2260086BAA2 /* TMDBMovieList2.0.app */ = {isa = PBXFileReference; explicitFileType = wrapper.application; includeInIndex = 0; path = TMDBMovieList2.0.app; sourceTree = BUILT_PRODUCTS_DIR; };
		C9CE7FCB2B3EC2260086BAA2 /* TMDBMovieList2_0App.swift */ = {isa = PBXFileReference; lastKnownFileType = sourcecode.swift; path = TMDBMovieList2_0App.swift; sourceTree = "<group>"; };
		C9CE7FCD2B3EC2260086BAA2 /* MovieListView.swift */ = {isa = PBXFileReference; lastKnownFileType = sourcecode.swift; path = MovieListView.swift; sourceTree = "<group>"; };
		C9CE7FCF2B3EC2270086BAA2 /* Assets.xcassets */ = {isa = PBXFileReference; lastKnownFileType = folder.assetcatalog; path = Assets.xcassets; sourceTree = "<group>"; };
		C9CE7FD22B3EC2270086BAA2 /* Preview Assets.xcassets */ = {isa = PBXFileReference; lastKnownFileType = folder.assetcatalog; path = "Preview Assets.xcassets"; sourceTree = "<group>"; };
		C9CE7FE62B3EC5CA0086BAA2 /* MovieModel.swift */ = {isa = PBXFileReference; lastKnownFileType = sourcecode.swift; path = MovieModel.swift; sourceTree = "<group>"; };
		C9CE7FE82B3EC6780086BAA2 /* MovieViewModel.swift */ = {isa = PBXFileReference; lastKnownFileType = sourcecode.swift; path = MovieViewModel.swift; sourceTree = "<group>"; };
		C9CE7FEA2B3EC7E10086BAA2 /* MovieAPIError.swift */ = {isa = PBXFileReference; lastKnownFileType = sourcecode.swift; path = MovieAPIError.swift; sourceTree = "<group>"; };
		C9CE7FEC2B3EC9C10086BAA2 /* MovieDataService.swift */ = {isa = PBXFileReference; lastKnownFileType = sourcecode.swift; path = MovieDataService.swift; sourceTree = "<group>"; };
		C9CE7FEE2B3EC9F90086BAA2 /* HTTPDataDownloader.swift */ = {isa = PBXFileReference; lastKnownFileType = sourcecode.swift; path = HTTPDataDownloader.swift; sourceTree = "<group>"; };
/* End PBXFileReference section */

/* Begin PBXFrameworksBuildPhase section */
		C9CE7FC52B3EC2260086BAA2 /* Frameworks */ = {
			isa = PBXFrameworksBuildPhase;
			buildActionMask = 2147483647;
			files = (
			);
			runOnlyForDeploymentPostprocessing = 0;
		};
/* End PBXFrameworksBuildPhase section */

/* Begin PBXGroup section */
		C9329C2F2B42BC8900113844 /* Cache */ = {
			isa = PBXGroup;
			children = (
			);
			path = Cache;
			sourceTree = "<group>";
		};
		C999D25D2B4468A300504175 /* Image */ = {
			isa = PBXGroup;
			children = (
				C999D25E2B44690200504175 /* ImageLoader.swift */,
				C999D2602B44699200504175 /* ImageCache.swift */,
				C999D2622B4469CE00504175 /* MovieImageView.swift */,
			);
			path = Image;
			sourceTree = "<group>";
		};
		C99B20CD2B453A3100404FBD /* MovieList */ = {
			isa = PBXGroup;
			children = (
			);
			path = MovieList;
			sourceTree = "<group>";
		};
		C9CE7FBF2B3EC2260086BAA2 = {
			isa = PBXGroup;
			children = (
				C9CE7FCA2B3EC2260086BAA2 /* TMDBMovieList2.0 */,
				C9CE7FC92B3EC2260086BAA2 /* Products */,
			);
			sourceTree = "<group>";
		};
		C9CE7FC92B3EC2260086BAA2 /* Products */ = {
			isa = PBXGroup;
			children = (
				C9CE7FC82B3EC2260086BAA2 /* TMDBMovieList2.0.app */,
			);
			name = Products;
			sourceTree = "<group>";
		};
		C9CE7FCA2B3EC2260086BAA2 /* TMDBMovieList2.0 */ = {
			isa = PBXGroup;
			children = (
				C9CE7FDB2B3EC2600086BAA2 /* App */,
				C9CE7FDA2B3EC25E0086BAA2 /* Core */,
				C9CE7FE12B3EC2AF0086BAA2 /* Service */,
				C9CE7FD92B3EC25B0086BAA2 /* Shared */,
				C9CE7FCF2B3EC2270086BAA2 /* Assets.xcassets */,
				C9CE7FD12B3EC2270086BAA2 /* Preview Content */,
			);
			path = TMDBMovieList2.0;
			sourceTree = "<group>";
		};
		C9CE7FD12B3EC2270086BAA2 /* Preview Content */ = {
			isa = PBXGroup;
			children = (
				C9CE7FD22B3EC2270086BAA2 /* Preview Assets.xcassets */,
			);
			path = "Preview Content";
			sourceTree = "<group>";
		};
		C9CE7FD92B3EC25B0086BAA2 /* Shared */ = {
			isa = PBXGroup;
			children = (
				C9CE7FE52B3EC31A0086BAA2 /* API */,
				C999D25D2B4468A300504175 /* Image */,
			);
			path = Shared;
			sourceTree = "<group>";
		};
		C9CE7FDA2B3EC25E0086BAA2 /* Core */ = {
			isa = PBXGroup;
			children = (
				C9CE7FDD2B3EC28E0086BAA2 /* All Movies */,
				C9CE7FDC2B3EC2890086BAA2 /* Movie Details */,
				C99B20CD2B453A3100404FBD /* MovieList */,
			);
			path = Core;
			sourceTree = "<group>";
		};
		C9CE7FDB2B3EC2600086BAA2 /* App */ = {
			isa = PBXGroup;
			children = (
				C9CE7FCB2B3EC2260086BAA2 /* TMDBMovieList2_0App.swift */,
			);
			path = App;
			sourceTree = "<group>";
		};
		C9CE7FDC2B3EC2890086BAA2 /* Movie Details */ = {
			isa = PBXGroup;
			children = (
				C9329C2F2B42BC8900113844 /* Cache */,
				C9CE7FE42B3EC2FB0086BAA2 /* Model */,
				C9CE7FE32B3EC2F90086BAA2 /* View */,
				C9CE7FE22B3EC2F20086BAA2 /* ViewModel */,
			);
			path = "Movie Details";
			sourceTree = "<group>";
		};
		C9CE7FDD2B3EC28E0086BAA2 /* All Movies */ = {
			isa = PBXGroup;
			children = (
				C9CE7FE02B3EC2AD0086BAA2 /* Model */,
				C9CE7FDF2B3EC2AA0086BAA2 /* View */,
				C9CE7FDE2B3EC2A80086BAA2 /* ViewModel */,
			);
			path = "All Movies";
			sourceTree = "<group>";
		};
		C9CE7FDE2B3EC2A80086BAA2 /* ViewModel */ = {
			isa = PBXGroup;
			children = (
				C9CE7FE82B3EC6780086BAA2 /* MovieViewModel.swift */,
			);
			path = ViewModel;
			sourceTree = "<group>";
		};
		C9CE7FDF2B3EC2AA0086BAA2 /* View */ = {
			isa = PBXGroup;
			children = (
				C9CE7FCD2B3EC2260086BAA2 /* MovieListView.swift */,
			);
			path = View;
			sourceTree = "<group>";
		};
		C9CE7FE02B3EC2AD0086BAA2 /* Model */ = {
			isa = PBXGroup;
			children = (
				C9CE7FE62B3EC5CA0086BAA2 /* MovieModel.swift */,
				C9CE7FEA2B3EC7E10086BAA2 /* MovieAPIError.swift */,
			);
			path = Model;
			sourceTree = "<group>";
		};
		C9CE7FE12B3EC2AF0086BAA2 /* Service */ = {
			isa = PBXGroup;
			children = (
				C9CE7FEC2B3EC9C10086BAA2 /* MovieDataService.swift */,
			);
			path = Service;
			sourceTree = "<group>";
		};
		C9CE7FE22B3EC2F20086BAA2 /* ViewModel */ = {
			isa = PBXGroup;
			children = (
			);
			path = ViewModel;
			sourceTree = "<group>";
		};
		C9CE7FE32B3EC2F90086BAA2 /* View */ = {
			isa = PBXGroup;
			children = (
				C9986D452B41C36700788D9E /* MovieDetailsView.swift */,
			);
			path = View;
			sourceTree = "<group>";
		};
		C9CE7FE42B3EC2FB0086BAA2 /* Model */ = {
			isa = PBXGroup;
			children = (
			);
			path = Model;
			sourceTree = "<group>";
		};
		C9CE7FE52B3EC31A0086BAA2 /* API */ = {
			isa = PBXGroup;
			children = (
				C9CE7FEE2B3EC9F90086BAA2 /* HTTPDataDownloader.swift */,
			);
			path = API;
			sourceTree = "<group>";
		};
/* End PBXGroup section */

/* Begin PBXNativeTarget section */
		C9CE7FC72B3EC2260086BAA2 /* TMDBMovieList2.0 */ = {
			isa = PBXNativeTarget;
			buildConfigurationList = C9CE7FD62B3EC2270086BAA2 /* Build configuration list for PBXNativeTarget "TMDBMovieList2.0" */;
			buildPhases = (
				C9CE7FC42B3EC2260086BAA2 /* Sources */,
				C9CE7FC52B3EC2260086BAA2 /* Frameworks */,
				C9CE7FC62B3EC2260086BAA2 /* Resources */,
			);
			buildRules = (
			);
			dependencies = (
			);
			name = TMDBMovieList2.0;
			productName = TMDBMovieList2.0;
			productReference = C9CE7FC82B3EC2260086BAA2 /* TMDBMovieList2.0.app */;
			productType = "com.apple.product-type.application";
		};
/* End PBXNativeTarget section */

/* Begin PBXProject section */
		C9CE7FC02B3EC2260086BAA2 /* Project object */ = {
			isa = PBXProject;
			attributes = {
				BuildIndependentTargetsInParallel = 1;
				LastSwiftUpdateCheck = 1510;
				LastUpgradeCheck = 1510;
				TargetAttributes = {
					C9CE7FC72B3EC2260086BAA2 = {
						CreatedOnToolsVersion = 15.1;
					};
				};
			};
			buildConfigurationList = C9CE7FC32B3EC2260086BAA2 /* Build configuration list for PBXProject "TMDBMovieList2.0" */;
			compatibilityVersion = "Xcode 14.0";
			developmentRegion = en;
			hasScannedForEncodings = 0;
			knownRegions = (
				en,
				Base,
			);
			mainGroup = C9CE7FBF2B3EC2260086BAA2;
			productRefGroup = C9CE7FC92B3EC2260086BAA2 /* Products */;
			projectDirPath = "";
			projectRoot = "";
			targets = (
				C9CE7FC72B3EC2260086BAA2 /* TMDBMovieList2.0 */,
			);
		};
/* End PBXProject section */

/* Begin PBXResourcesBuildPhase section */
		C9CE7FC62B3EC2260086BAA2 /* Resources */ = {
			isa = PBXResourcesBuildPhase;
			buildActionMask = 2147483647;
			files = (
				C9CE7FD32B3EC2270086BAA2 /* Preview Assets.xcassets in Resources */,
				C9CE7FD02B3EC2270086BAA2 /* Assets.xcassets in Resources */,
			);
			runOnlyForDeploymentPostprocessing = 0;
		};
/* End PBXResourcesBuildPhase section */

/* Begin PBXSourcesBuildPhase section */
		C9CE7FC42B3EC2260086BAA2 /* Sources */ = {
			isa = PBXSourcesBuildPhase;
			buildActionMask = 2147483647;
			files = (
				C999D2612B44699200504175 /* ImageCache.swift in Sources */,
				C9CE7FED2B3EC9C10086BAA2 /* MovieDataService.swift in Sources */,
				C9CE7FEF2B3EC9F90086BAA2 /* HTTPDataDownloader.swift in Sources */,
				C9986D462B41C36700788D9E /* MovieDetailsView.swift in Sources */,
				C9CE7FEB2B3EC7E10086BAA2 /* MovieAPIError.swift in Sources */,
				C999D2632B4469CE00504175 /* MovieImageView.swift in Sources */,
				C9CE7FE72B3EC5CA0086BAA2 /* MovieModel.swift in Sources */,
				C999D25F2B44690200504175 /* ImageLoader.swift in Sources */,
				C9CE7FCE2B3EC2260086BAA2 /* MovieListView.swift in Sources */,
				C9CE7FCC2B3EC2260086BAA2 /* TMDBMovieList2_0App.swift in Sources */,
				C9CE7FE92B3EC6780086BAA2 /* MovieViewModel.swift in Sources */,
			);
			runOnlyForDeploymentPostprocessing = 0;
		};
/* End PBXSourcesBuildPhase section */

/* Begin XCBuildConfiguration section */
		C9CE7FD42B3EC2270086BAA2 /* Debug */ = {
			isa = XCBuildConfiguration;
			buildSettings = {
				ALWAYS_SEARCH_USER_PATHS = NO;
				ASSETCATALOG_COMPILER_GENERATE_SWIFT_ASSET_SYMBOL_EXTENSIONS = YES;
				CLANG_ANALYZER_NONNULL = YES;
				CLANG_ANALYZER_NUMBER_OBJECT_CONVERSION = YES_AGGRESSIVE;
				CLANG_CXX_LANGUAGE_STANDARD = "gnu++20";
				CLANG_ENABLE_MODULES = YES;
				CLANG_ENABLE_OBJC_ARC = YES;
				CLANG_ENABLE_OBJC_WEAK = YES;
				CLANG_WARN_BLOCK_CAPTURE_AUTORELEASING = YES;
				CLANG_WARN_BOOL_CONVERSION = YES;
				CLANG_WARN_COMMA = YES;
				CLANG_WARN_CONSTANT_CONVERSION = YES;
				CLANG_WARN_DEPRECATED_OBJC_IMPLEMENTATIONS = YES;
				CLANG_WARN_DIRECT_OBJC_ISA_USAGE = YES_ERROR;
				CLANG_WARN_DOCUMENTATION_COMMENTS = YES;
				CLANG_WARN_EMPTY_BODY = YES;
				CLANG_WARN_ENUM_CONVERSION = YES;
				CLANG_WARN_INFINITE_RECURSION = YES;
				CLANG_WARN_INT_CONVERSION = YES;
				CLANG_WARN_NON_LITERAL_NULL_CONVERSION = YES;
				CLANG_WARN_OBJC_IMPLICIT_RETAIN_SELF = YES;
				CLANG_WARN_OBJC_LITERAL_CONVERSION = YES;
				CLANG_WARN_OBJC_ROOT_CLASS = YES_ERROR;
				CLANG_WARN_QUOTED_INCLUDE_IN_FRAMEWORK_HEADER = YES;
				CLANG_WARN_RANGE_LOOP_ANALYSIS = YES;
				CLANG_WARN_STRICT_PROTOTYPES = YES;
				CLANG_WARN_SUSPICIOUS_MOVE = YES;
				CLANG_WARN_UNGUARDED_AVAILABILITY = YES_AGGRESSIVE;
				CLANG_WARN_UNREACHABLE_CODE = YES;
				CLANG_WARN__DUPLICATE_METHOD_MATCH = YES;
				COPY_PHASE_STRIP = NO;
				DEBUG_INFORMATION_FORMAT = dwarf;
				ENABLE_STRICT_OBJC_MSGSEND = YES;
				ENABLE_TESTABILITY = YES;
				ENABLE_USER_SCRIPT_SANDBOXING = YES;
				GCC_C_LANGUAGE_STANDARD = gnu17;
				GCC_DYNAMIC_NO_PIC = NO;
				GCC_NO_COMMON_BLOCKS = YES;
				GCC_OPTIMIZATION_LEVEL = 0;
				GCC_PREPROCESSOR_DEFINITIONS = (
					"DEBUG=1",
					"$(inherited)",
				);
				GCC_WARN_64_TO_32_BIT_CONVERSION = YES;
				GCC_WARN_ABOUT_RETURN_TYPE = YES_ERROR;
				GCC_WARN_UNDECLARED_SELECTOR = YES;
				GCC_WARN_UNINITIALIZED_AUTOS = YES_AGGRESSIVE;
				GCC_WARN_UNUSED_FUNCTION = YES;
				GCC_WARN_UNUSED_VARIABLE = YES;
				IPHONEOS_DEPLOYMENT_TARGET = 17.2;
				LOCALIZATION_PREFERS_STRING_CATALOGS = YES;
				MTL_ENABLE_DEBUG_INFO = INCLUDE_SOURCE;
				MTL_FAST_MATH = YES;
				ONLY_ACTIVE_ARCH = YES;
				SDKROOT = iphoneos;
				SWIFT_ACTIVE_COMPILATION_CONDITIONS = "DEBUG $(inherited)";
				SWIFT_OPTIMIZATION_LEVEL = "-Onone";
			};
			name = Debug;
		};
		C9CE7FD52B3EC2270086BAA2 /* Release */ = {
			isa = XCBuildConfiguration;
			buildSettings = {
				ALWAYS_SEARCH_USER_PATHS = NO;
				ASSETCATALOG_COMPILER_GENERATE_SWIFT_ASSET_SYMBOL_EXTENSIONS = YES;
				CLANG_ANALYZER_NONNULL = YES;
				CLANG_ANALYZER_NUMBER_OBJECT_CONVERSION = YES_AGGRESSIVE;
				CLANG_CXX_LANGUAGE_STANDARD = "gnu++20";
				CLANG_ENABLE_MODULES = YES;
				CLANG_ENABLE_OBJC_ARC = YES;
				CLANG_ENABLE_OBJC_WEAK = YES;
				CLANG_WARN_BLOCK_CAPTURE_AUTORELEASING = YES;
				CLANG_WARN_BOOL_CONVERSION = YES;
				CLANG_WARN_COMMA = YES;
				CLANG_WARN_CONSTANT_CONVERSION = YES;
				CLANG_WARN_DEPRECATED_OBJC_IMPLEMENTATIONS = YES;
				CLANG_WARN_DIRECT_OBJC_ISA_USAGE = YES_ERROR;
				CLANG_WARN_DOCUMENTATION_COMMENTS = YES;
				CLANG_WARN_EMPTY_BODY = YES;
				CLANG_WARN_ENUM_CONVERSION = YES;
				CLANG_WARN_INFINITE_RECURSION = YES;
				CLANG_WARN_INT_CONVERSION = YES;
				CLANG_WARN_NON_LITERAL_NULL_CONVERSION = YES;
				CLANG_WARN_OBJC_IMPLICIT_RETAIN_SELF = YES;
				CLANG_WARN_OBJC_LITERAL_CONVERSION = YES;
				CLANG_WARN_OBJC_ROOT_CLASS = YES_ERROR;
				CLANG_WARN_QUOTED_INCLUDE_IN_FRAMEWORK_HEADER = YES;
				CLANG_WARN_RANGE_LOOP_ANALYSIS = YES;
				CLANG_WARN_STRICT_PROTOTYPES = YES;
				CLANG_WARN_SUSPICIOUS_MOVE = YES;
				CLANG_WARN_UNGUARDED_AVAILABILITY = YES_AGGRESSIVE;
				CLANG_WARN_UNREACHABLE_CODE = YES;
				CLANG_WARN__DUPLICATE_METHOD_MATCH = YES;
				COPY_PHASE_STRIP = NO;
				DEBUG_INFORMATION_FORMAT = "dwarf-with-dsym";
				ENABLE_NS_ASSERTIONS = NO;
				ENABLE_STRICT_OBJC_MSGSEND = YES;
				ENABLE_USER_SCRIPT_SANDBOXING = YES;
				GCC_C_LANGUAGE_STANDARD = gnu17;
				GCC_NO_COMMON_BLOCKS = YES;
				GCC_WARN_64_TO_32_BIT_CONVERSION = YES;
				GCC_WARN_ABOUT_RETURN_TYPE = YES_ERROR;
				GCC_WARN_UNDECLARED_SELECTOR = YES;
				GCC_WARN_UNINITIALIZED_AUTOS = YES_AGGRESSIVE;
				GCC_WARN_UNUSED_FUNCTION = YES;
				GCC_WARN_UNUSED_VARIABLE = YES;
				IPHONEOS_DEPLOYMENT_TARGET = 17.2;
				LOCALIZATION_PREFERS_STRING_CATALOGS = YES;
				MTL_ENABLE_DEBUG_INFO = NO;
				MTL_FAST_MATH = YES;
				SDKROOT = iphoneos;
				SWIFT_COMPILATION_MODE = wholemodule;
				VALIDATE_PRODUCT = YES;
			};
			name = Release;
		};
		C9CE7FD72B3EC2270086BAA2 /* Debug */ = {
			isa = XCBuildConfiguration;
			buildSettings = {
				ASSETCATALOG_COMPILER_APPICON_NAME = AppIcon;
				ASSETCATALOG_COMPILER_GLOBAL_ACCENT_COLOR_NAME = AccentColor;
				CODE_SIGN_STYLE = Automatic;
				CURRENT_PROJECT_VERSION = 1;
				DEVELOPMENT_ASSET_PATHS = "\"TMDBMovieList2.0/Preview Content\"";
				ENABLE_PREVIEWS = YES;
				GENERATE_INFOPLIST_FILE = YES;
				INFOPLIST_KEY_UIApplicationSceneManifest_Generation = YES;
				INFOPLIST_KEY_UIApplicationSupportsIndirectInputEvents = YES;
				INFOPLIST_KEY_UILaunchScreen_Generation = YES;
				INFOPLIST_KEY_UISupportedInterfaceOrientations_iPad = "UIInterfaceOrientationPortrait UIInterfaceOrientationPortraitUpsideDown UIInterfaceOrientationLandscapeLeft UIInterfaceOrientationLandscapeRight";
				INFOPLIST_KEY_UISupportedInterfaceOrientations_iPhone = "UIInterfaceOrientationPortrait UIInterfaceOrientationLandscapeLeft UIInterfaceOrientationLandscapeRight";
				LD_RUNPATH_SEARCH_PATHS = (
					"$(inherited)",
					"@executable_path/Frameworks",
				);
				MARKETING_VERSION = 1.0;
				PRODUCT_BUNDLE_IDENTIFIER = "com.smk.TMDBMovieList2-0";
				PRODUCT_NAME = "$(TARGET_NAME)";
				SWIFT_EMIT_LOC_STRINGS = YES;
				SWIFT_VERSION = 5.0;
				TARGETED_DEVICE_FAMILY = "1,2";
			};
			name = Debug;
		};
		C9CE7FD82B3EC2270086BAA2 /* Release */ = {
			isa = XCBuildConfiguration;
			buildSettings = {
				ASSETCATALOG_COMPILER_APPICON_NAME = AppIcon;
				ASSETCATALOG_COMPILER_GLOBAL_ACCENT_COLOR_NAME = AccentColor;
				CODE_SIGN_STYLE = Automatic;
				CURRENT_PROJECT_VERSION = 1;
				DEVELOPMENT_ASSET_PATHS = "\"TMDBMovieList2.0/Preview Content\"";
				ENABLE_PREVIEWS = YES;
				GENERATE_INFOPLIST_FILE = YES;
				INFOPLIST_KEY_UIApplicationSceneManifest_Generation = YES;
				INFOPLIST_KEY_UIApplicationSupportsIndirectInputEvents = YES;
				INFOPLIST_KEY_UILaunchScreen_Generation = YES;
				INFOPLIST_KEY_UISupportedInterfaceOrientations_iPad = "UIInterfaceOrientationPortrait UIInterfaceOrientationPortraitUpsideDown UIInterfaceOrientationLandscapeLeft UIInterfaceOrientationLandscapeRight";
				INFOPLIST_KEY_UISupportedInterfaceOrientations_iPhone = "UIInterfaceOrientationPortrait UIInterfaceOrientationLandscapeLeft UIInterfaceOrientationLandscapeRight";
				LD_RUNPATH_SEARCH_PATHS = (
					"$(inherited)",
					"@executable_path/Frameworks",
				);
				MARKETING_VERSION = 1.0;
				PRODUCT_BUNDLE_IDENTIFIER = "com.smk.TMDBMovieList2-0";
				PRODUCT_NAME = "$(TARGET_NAME)";
				SWIFT_EMIT_LOC_STRINGS = YES;
				SWIFT_VERSION = 5.0;
				TARGETED_DEVICE_FAMILY = "1,2";
			};
			name = Release;
		};
/* End XCBuildConfiguration section */

/* Begin XCConfigurationList section */
		C9CE7FC32B3EC2260086BAA2 /* Build configuration list for PBXProject "TMDBMovieList2.0" */ = {
			isa = XCConfigurationList;
			buildConfigurations = (
				C9CE7FD42B3EC2270086BAA2 /* Debug */,
				C9CE7FD52B3EC2270086BAA2 /* Release */,
			);
			defaultConfigurationIsVisible = 0;
			defaultConfigurationName = Release;
		};
		C9CE7FD62B3EC2270086BAA2 /* Build configuration list for PBXNativeTarget "TMDBMovieList2.0" */ = {
			isa = XCConfigurationList;
			buildConfigurations = (
				C9CE7FD72B3EC2270086BAA2 /* Debug */,
				C9CE7FD82B3EC2270086BAA2 /* Release */,
			);
			defaultConfigurationIsVisible = 0;
			defaultConfigurationName = Release;
		};
/* End XCConfigurationList section */
	};
	rootObject = C9CE7FC02B3EC2260086BAA2 /* Project object */;
}
